// !$*UTF8*$!
{
	archiveVersion = 1;
	classes = {
	};
	objectVersion = 55;
	objects = {

/* Begin PBXBuildFile section */
		3F603CCD29DB4A53000C43D7 /* ProgressHUD in Frameworks */ = {isa = PBXBuildFile; productRef = 3F603CCC29DB4A53000C43D7 /* ProgressHUD */; };
		3F603CD029DB4A74000C43D7 /* Kingfisher in Frameworks */ = {isa = PBXBuildFile; productRef = 3F603CCF29DB4A74000C43D7 /* Kingfisher */; };
		3F68069729CBBAF100B4F915 /* AppDelegate.swift in Sources */ = {isa = PBXBuildFile; fileRef = 3F68069629CBBAF100B4F915 /* AppDelegate.swift */; };
		3F68069929CBBAF100B4F915 /* SceneDelegate.swift in Sources */ = {isa = PBXBuildFile; fileRef = 3F68069829CBBAF100B4F915 /* SceneDelegate.swift */; };
		3F6806A029CBBAF200B4F915 /* Assets.xcassets in Resources */ = {isa = PBXBuildFile; fileRef = 3F68069F29CBBAF200B4F915 /* Assets.xcassets */; };
		3F6806A329CBBAF200B4F915 /* LaunchScreen.storyboard in Resources */ = {isa = PBXBuildFile; fileRef = 3F6806A129CBBAF200B4F915 /* LaunchScreen.storyboard */; };
		3F6806AE29CBBAF200B4F915 /* ExampleUnitTests.swift in Sources */ = {isa = PBXBuildFile; fileRef = 3F6806AD29CBBAF200B4F915 /* ExampleUnitTests.swift */; };
		3F6806B829CBBAF200B4F915 /* FakeNFTUITests.swift in Sources */ = {isa = PBXBuildFile; fileRef = 3F6806B729CBBAF200B4F915 /* FakeNFTUITests.swift */; };
		5A0469472A7ABC990026D783 /* Theme+Colors.swift in Sources */ = {isa = PBXBuildFile; fileRef = 5A0469432A7ABC990026D783 /* Theme+Colors.swift */; };
		5A0469482A7ABC990026D783 /* Theme+Sizes+Spacing.swift in Sources */ = {isa = PBXBuildFile; fileRef = 5A0469442A7ABC990026D783 /* Theme+Sizes+Spacing.swift */; };
		5A0469492A7ABC990026D783 /* Theme+Fonts.swift in Sources */ = {isa = PBXBuildFile; fileRef = 5A0469452A7ABC990026D783 /* Theme+Fonts.swift */; };
		5A04696A2A7ABCC50026D783 /* APIError.swift in Sources */ = {isa = PBXBuildFile; fileRef = 5A04694C2A7ABCC50026D783 /* APIError.swift */; };
		5A04696B2A7ABCC50026D783 /* Model.swift in Sources */ = {isa = PBXBuildFile; fileRef = 5A04694D2A7ABCC50026D783 /* Model.swift */; };
		5A04696C2A7ABCC50026D783 /* APIClient.swift in Sources */ = {isa = PBXBuildFile; fileRef = 5A04694E2A7ABCC50026D783 /* APIClient.swift */; };
		5A04696D2A7ABCC50026D783 /* DataConvert.swift in Sources */ = {isa = PBXBuildFile; fileRef = 5A04694F2A7ABCC50026D783 /* DataConvert.swift */; };
		5A04696E2A7ABCC50026D783 /* NetworkTask.swift in Sources */ = {isa = PBXBuildFile; fileRef = 5A0469502A7ABCC50026D783 /* NetworkTask.swift */; };
		5A04696F2A7ABCC50026D783 /* Request.swift in Sources */ = {isa = PBXBuildFile; fileRef = 5A0469512A7ABCC50026D783 /* Request.swift */; };
		5A0469702A7ABCC50026D783 /* API.swift in Sources */ = {isa = PBXBuildFile; fileRef = 5A0469522A7ABCC50026D783 /* API.swift */; };
		5A0469742A7ABCC50026D783 /* UserDefaultsBacked.swift in Sources */ = {isa = PBXBuildFile; fileRef = 5A0469582A7ABCC50026D783 /* UserDefaultsBacked.swift */; };
		5A0469752A7ABCC50026D783 /* UIView+Constraints.swift in Sources */ = {isa = PBXBuildFile; fileRef = 5A0469592A7ABCC50026D783 /* UIView+Constraints.swift */; };
		5A0469762A7ABCC50026D783 /* UIView+Preview.swift in Sources */ = {isa = PBXBuildFile; fileRef = 5A04695A2A7ABCC50026D783 /* UIView+Preview.swift */; };
		5A0469772A7ABCC50026D783 /* Observable.swift in Sources */ = {isa = PBXBuildFile; fileRef = 5A04695B2A7ABCC50026D783 /* Observable.swift */; };
		5A0469782A7ABCC50026D783 /* UIViewController+Preview.swift in Sources */ = {isa = PBXBuildFile; fileRef = 5A04695C2A7ABCC50026D783 /* UIViewController+Preview.swift */; };
		5A0469792A7ABCC50026D783 /* Array+Extensions.swift in Sources */ = {isa = PBXBuildFile; fileRef = 5A04695E2A7ABCC50026D783 /* Array+Extensions.swift */; };
		5A04697A2A7ABCC50026D783 /* UIView+Animations.swift in Sources */ = {isa = PBXBuildFile; fileRef = 5A04695F2A7ABCC50026D783 /* UIView+Animations.swift */; };
		5A04697B2A7ABCC50026D783 /* UIColor+Hex.swift in Sources */ = {isa = PBXBuildFile; fileRef = 5A0469602A7ABCC50026D783 /* UIColor+Hex.swift */; };
		5A04697C2A7ABCC50026D783 /* UIViewController+Keyboard.swift in Sources */ = {isa = PBXBuildFile; fileRef = 5A0469612A7ABCC50026D783 /* UIViewController+Keyboard.swift */; };
		5A04697D2A7ABCC50026D783 /* UIColor+Dynamic.swift in Sources */ = {isa = PBXBuildFile; fileRef = 5A0469622A7ABCC50026D783 /* UIColor+Dynamic.swift */; };
		5A04697E2A7ABCC50026D783 /* UITableView+Extensions.swift in Sources */ = {isa = PBXBuildFile; fileRef = 5A0469632A7ABCC50026D783 /* UITableView+Extensions.swift */; };
		5A04697F2A7ABCC50026D783 /* UIButton+Event.swift in Sources */ = {isa = PBXBuildFile; fileRef = 5A0469642A7ABCC50026D783 /* UIButton+Event.swift */; };
		5A0469802A7ABCC50026D783 /* UICollectionView+Extensions.swift in Sources */ = {isa = PBXBuildFile; fileRef = 5A0469652A7ABCC50026D783 /* UICollectionView+Extensions.swift */; };
		5A0469812A7ABCC50026D783 /* ILoadWithProgressHUD.swift in Sources */ = {isa = PBXBuildFile; fileRef = 5A0469672A7ABCC50026D783 /* ILoadWithProgressHUD.swift */; };
		5A0469822A7ABCC50026D783 /* ILoadWithIndicator.swift in Sources */ = {isa = PBXBuildFile; fileRef = 5A0469682A7ABCC50026D783 /* ILoadWithIndicator.swift */; };
		5A0469832A7ABCC50026D783 /* ICellViewModel.swift in Sources */ = {isa = PBXBuildFile; fileRef = 5A0469692A7ABCC50026D783 /* ICellViewModel.swift */; };
		5A04698D2A7ABE180026D783 /* StatisticsViewController.swift in Sources */ = {isa = PBXBuildFile; fileRef = 5A0469862A7ABE180026D783 /* StatisticsViewController.swift */; };
		5A04698E2A7ABE180026D783 /* CatalogViewController.swift in Sources */ = {isa = PBXBuildFile; fileRef = 5A0469882A7ABE180026D783 /* CatalogViewController.swift */; };
		5A04698F2A7ABE180026D783 /* ProfileViewController.swift in Sources */ = {isa = PBXBuildFile; fileRef = 5A04698A2A7ABE180026D783 /* ProfileViewController.swift */; };
		5A0469902A7ABE180026D783 /* ShoppingCartViewController.swift in Sources */ = {isa = PBXBuildFile; fileRef = 5A04698C2A7ABE180026D783 /* ShoppingCartViewController.swift */; };
		5A0469972A7ACCAB0026D783 /* AppAppearance.swift in Sources */ = {isa = PBXBuildFile; fileRef = 5A0469962A7ACCAB0026D783 /* AppAppearance.swift */; };
		5A0823AC2A82DD850047A8AC /* CollectionItemCell.swift in Sources */ = {isa = PBXBuildFile; fileRef = 5A0823AB2A82DD850047A8AC /* CollectionItemCell.swift */; };
		5A0823AE2A83C2190047A8AC /* RatingView.swift in Sources */ = {isa = PBXBuildFile; fileRef = 5A0823AD2A83C2190047A8AC /* RatingView.swift */; };
		5A0D32032A8DB89E00EF98F5 /* Localizable.strings in Resources */ = {isa = PBXBuildFile; fileRef = 5A0D32052A8DB89E00EF98F5 /* Localizable.strings */; };
		5A0D320A2A8DBE7700EF98F5 /* InfoPlist.strings in Resources */ = {isa = PBXBuildFile; fileRef = 5A0D320C2A8DBE7700EF98F5 /* InfoPlist.strings */; };
		5A0D320F2A8DD7CD00EF98F5 /* Theme+Localizable.swift in Sources */ = {isa = PBXBuildFile; fileRef = 5A0D320E2A8DD7CD00EF98F5 /* Theme+Localizable.swift */; };
		5A0D32112A8DF60F00EF98F5 /* Profile.swift in Sources */ = {isa = PBXBuildFile; fileRef = 5A0D32102A8DF60F00EF98F5 /* Profile.swift */; };
		5A0D32162A8E796000EF98F5 /* UseCaseProvider.swift in Sources */ = {isa = PBXBuildFile; fileRef = 5A0D32152A8E796000EF98F5 /* UseCaseProvider.swift */; };
		5A0D321A2A8E7B6A00EF98F5 /* GetProfileUseCase.swift in Sources */ = {isa = PBXBuildFile; fileRef = 5A0D32192A8E7B6A00EF98F5 /* GetProfileUseCase.swift */; };
		5A0D321D2A8E854800EF98F5 /* PutProfileUseCase.swift in Sources */ = {isa = PBXBuildFile; fileRef = 5A0D321C2A8E854800EF98F5 /* PutProfileUseCase.swift */; };
		5A0D321F2A8E871100EF98F5 /* GetLikesProfileUseCase.swift in Sources */ = {isa = PBXBuildFile; fileRef = 5A0D321E2A8E871100EF98F5 /* GetLikesProfileUseCase.swift */; };
		5A0D32212A8E879000EF98F5 /* PutLikesProfileUseCase.swift in Sources */ = {isa = PBXBuildFile; fileRef = 5A0D32202A8E879000EF98F5 /* PutLikesProfileUseCase.swift */; };
		5A1B6D742AA4D9F000A1BCB4 /* ModuleFactory.swift in Sources */ = {isa = PBXBuildFile; fileRef = 5A1B6D732AA4D9F000A1BCB4 /* ModuleFactory.swift */; };
		5A1B6D762AA4DD6F00A1BCB4 /* ModuleFactoryImp.swift in Sources */ = {isa = PBXBuildFile; fileRef = 5A1B6D752AA4DD6F00A1BCB4 /* ModuleFactoryImp.swift */; };
		5A1B6D782AA5644D00A1BCB4 /* AppDIContainer.swift in Sources */ = {isa = PBXBuildFile; fileRef = 5A1B6D772AA5644D00A1BCB4 /* AppDIContainer.swift */; };
		5A1B6D7A2AA582A300A1BCB4 /* CatalogFlowDIContainer.swift in Sources */ = {isa = PBXBuildFile; fileRef = 5A1B6D792AA582A300A1BCB4 /* CatalogFlowDIContainer.swift */; };
		5A1B6D7D2AA5867F00A1BCB4 /* ProfileFlowDIContainer.swift in Sources */ = {isa = PBXBuildFile; fileRef = 5A1B6D7C2AA5867F00A1BCB4 /* ProfileFlowDIContainer.swift */; };
		5A1B6D822AA5B15900A1BCB4 /* Router.swift in Sources */ = {isa = PBXBuildFile; fileRef = 5A1B6D7F2AA5B15900A1BCB4 /* Router.swift */; };
		5A1B6D832AA5B15900A1BCB4 /* Coordinator.swift in Sources */ = {isa = PBXBuildFile; fileRef = 5A1B6D802AA5B15900A1BCB4 /* Coordinator.swift */; };
		5A1B6D842AA5B15900A1BCB4 /* RouterImp.swift in Sources */ = {isa = PBXBuildFile; fileRef = 5A1B6D812AA5B15900A1BCB4 /* RouterImp.swift */; };
		5A1B6D882AA5CDD400A1BCB4 /* TabbarCoordinator.swift in Sources */ = {isa = PBXBuildFile; fileRef = 5A1B6D872AA5CDD400A1BCB4 /* TabbarCoordinator.swift */; };
		5A1B6D8A2AA617DE00A1BCB4 /* CoordinatorFactory.swift in Sources */ = {isa = PBXBuildFile; fileRef = 5A1B6D892AA617DE00A1BCB4 /* CoordinatorFactory.swift */; };
		5A1B6D8C2AA61CDB00A1BCB4 /* AppCoordinator.swift in Sources */ = {isa = PBXBuildFile; fileRef = 5A1B6D8B2AA61CDB00A1BCB4 /* AppCoordinator.swift */; };
		5A1B6D8E2AA61EF000A1BCB4 /* AppContext.swift in Sources */ = {isa = PBXBuildFile; fileRef = 5A1B6D8D2AA61EF000A1BCB4 /* AppContext.swift */; };
		5A1B6D952AA63A7500A1BCB4 /* OnboardingViewModel.swift in Sources */ = {isa = PBXBuildFile; fileRef = 5A1B6D942AA63A7500A1BCB4 /* OnboardingViewModel.swift */; };
		5A1B6D982AA63AC200A1BCB4 /* OnboardingViewController.swift in Sources */ = {isa = PBXBuildFile; fileRef = 5A1B6D972AA63AC200A1BCB4 /* OnboardingViewController.swift */; };
		5A1B6DA02AA6563400A1BCB4 /* AuthViewModel.swift in Sources */ = {isa = PBXBuildFile; fileRef = 5A1B6D9F2AA6563400A1BCB4 /* AuthViewModel.swift */; };
		5A1B6DA22AA6564200A1BCB4 /* AuthViewController.swift in Sources */ = {isa = PBXBuildFile; fileRef = 5A1B6DA12AA6564200A1BCB4 /* AuthViewController.swift */; };
		5A1B6DB92AA67FF200A1BCB4 /* OnboardingCoordinator.swift in Sources */ = {isa = PBXBuildFile; fileRef = 5A1B6DB82AA67FF200A1BCB4 /* OnboardingCoordinator.swift */; };
		5A1B6DBB2AA6837300A1BCB4 /* AuthCoordinator.swift in Sources */ = {isa = PBXBuildFile; fileRef = 5A1B6DBA2AA6837300A1BCB4 /* AuthCoordinator.swift */; };
		5A1B6DBD2AA6A74000A1BCB4 /* CoordinatorFactoryImp.swift in Sources */ = {isa = PBXBuildFile; fileRef = 5A1B6DBC2AA6A74000A1BCB4 /* CoordinatorFactoryImp.swift */; };
		5A1B6DBF2AA6B90500A1BCB4 /* StatisticsCoordinator.swift in Sources */ = {isa = PBXBuildFile; fileRef = 5A1B6DBE2AA6B90500A1BCB4 /* StatisticsCoordinator.swift */; };
		5A1B6DC12AA6BAB400A1BCB4 /* ShoppingCartCoordinator.swift in Sources */ = {isa = PBXBuildFile; fileRef = 5A1B6DC02AA6BAB400A1BCB4 /* ShoppingCartCoordinator.swift */; };
		5A1B6DC32AA6C08E00A1BCB4 /* TabbarPage.swift in Sources */ = {isa = PBXBuildFile; fileRef = 5A1B6DC22AA6C08E00A1BCB4 /* TabbarPage.swift */; };
		5A1B6DC52AA6C0F100A1BCB4 /* TabBarController.swift in Sources */ = {isa = PBXBuildFile; fileRef = 5A1B6DC42AA6C0F100A1BCB4 /* TabBarController.swift */; };
		5A1B6DC72AA6D61200A1BCB4 /* ProfileCoordinator.swift in Sources */ = {isa = PBXBuildFile; fileRef = 5A1B6DC62AA6D61200A1BCB4 /* ProfileCoordinator.swift */; };
		5A1B6DC92AA6E1F900A1BCB4 /* CatalogCoordinator.swift in Sources */ = {isa = PBXBuildFile; fileRef = 5A1B6DC82AA6E1F900A1BCB4 /* CatalogCoordinator.swift */; };
		5A3ED4B22A89FD6E003E367D /* UIViewController+Bars.swift in Sources */ = {isa = PBXBuildFile; fileRef = 5A3ED4B12A89FD6E003E367D /* UIViewController+Bars.swift */; };
		5A3ED4B42A8AE9DB003E367D /* GetSetSortCollectionsOptionUseCase.swift in Sources */ = {isa = PBXBuildFile; fileRef = 5A3ED4B32A8AE9DB003E367D /* GetSetSortCollectionsOptionUseCase.swift */; };
		5A484C742A9CE959007AC212 /* SortMyNftsBy.swift in Sources */ = {isa = PBXBuildFile; fileRef = 5A7EA45A2A8F7BD8004C5402 /* SortMyNftsBy.swift */; };
		5A51DA022A8570D700235E7D /* CatalogViewModel.swift in Sources */ = {isa = PBXBuildFile; fileRef = 5A51DA012A8570D700235E7D /* CatalogViewModel.swift */; };
		5A51DA062A85C3CA00235E7D /* SortCollectionsBy.swift in Sources */ = {isa = PBXBuildFile; fileRef = 5A51DA052A85C3CA00235E7D /* SortCollectionsBy.swift */; };
		5A51DA102A85DA0E00235E7D /* NftItemCell.swift in Sources */ = {isa = PBXBuildFile; fileRef = 5A51DA0F2A85DA0E00235E7D /* NftItemCell.swift */; };
		5A51DA132A86209400235E7D /* CollectionHeaderCell.swift in Sources */ = {isa = PBXBuildFile; fileRef = 5A51DA122A86209400235E7D /* CollectionHeaderCell.swift */; };
		5A51DA152A86C2F500235E7D /* CollectionViewController.swift in Sources */ = {isa = PBXBuildFile; fileRef = 5A51DA142A86C2F500235E7D /* CollectionViewController.swift */; };
		5A51DA172A87215600235E7D /* UIImage+.swift in Sources */ = {isa = PBXBuildFile; fileRef = 5A51DA162A87215600235E7D /* UIImage+.swift */; };
		5A51DA1B2A872C8400235E7D /* CollectionViewModel.swift in Sources */ = {isa = PBXBuildFile; fileRef = 5A51DA1A2A872C8400235E7D /* CollectionViewModel.swift */; };
		5A5B91F82A9BB91600A4B7E3 /* ProfileRepository.swift in Sources */ = {isa = PBXBuildFile; fileRef = 5A5B91F72A9BB91600A4B7E3 /* ProfileRepository.swift */; };
		5A5B91FB2A9C170500A4B7E3 /* UIResponder+findFirst.swift in Sources */ = {isa = PBXBuildFile; fileRef = 5A5B91FA2A9C170500A4B7E3 /* UIResponder+findFirst.swift */; };
		5A7EA4592A8F38EE004C5402 /* GetNftsProfileUseCase.swift in Sources */ = {isa = PBXBuildFile; fileRef = 5A7EA4582A8F38EE004C5402 /* GetNftsProfileUseCase.swift */; };
		5A7EA45D2A8F8A7C004C5402 /* GetSetSortMyNtfsOptionUseCase.swift in Sources */ = {isa = PBXBuildFile; fileRef = 5A7EA45C2A8F8A7C004C5402 /* GetSetSortMyNtfsOptionUseCase.swift */; };
		5A7EA45F2A8FE83B004C5402 /* ProfileViewModel.swift in Sources */ = {isa = PBXBuildFile; fileRef = 5A7EA45E2A8FE83B004C5402 /* ProfileViewModel.swift */; };
		5A7EA4612A8FEA99004C5402 /* ProfileItemCell.swift in Sources */ = {isa = PBXBuildFile; fileRef = 5A7EA4602A8FEA99004C5402 /* ProfileItemCell.swift */; };
		5A8775712A96DB1A00413F4B /* FavoritesViewModel.swift in Sources */ = {isa = PBXBuildFile; fileRef = 5A8775702A96DB1A00413F4B /* FavoritesViewModel.swift */; };
		5A8775732A96E3C300413F4B /* FavoritesViewController.swift in Sources */ = {isa = PBXBuildFile; fileRef = 5A8775722A96E3C300413F4B /* FavoritesViewController.swift */; };
		5A97DED02A95FC31009EEB30 /* NavBarView.swift in Sources */ = {isa = PBXBuildFile; fileRef = 5A97DECF2A95FC31009EEB30 /* NavBarView.swift */; };
		5A97DED32A962044009EEB30 /* MyNftsViewModel.swift in Sources */ = {isa = PBXBuildFile; fileRef = 5A97DED22A962044009EEB30 /* MyNftsViewModel.swift */; };
		5A97DED52A964AC2009EEB30 /* GetAuthorsUseCase.swift in Sources */ = {isa = PBXBuildFile; fileRef = 5A97DED42A964AC2009EEB30 /* GetAuthorsUseCase.swift */; };
		5A97DED72A9664BD009EEB30 /* Theme+NumberFormatter.swift in Sources */ = {isa = PBXBuildFile; fileRef = 5A97DED62A9664BD009EEB30 /* Theme+NumberFormatter.swift */; };
		5A97DED92A967454009EEB30 /* MyNftsViewController.swift in Sources */ = {isa = PBXBuildFile; fileRef = 5A97DED82A967454009EEB30 /* MyNftsViewController.swift */; };
		5AA339812A956CD9002C2C8E /* FavoritesItemCell.swift in Sources */ = {isa = PBXBuildFile; fileRef = 5AA339802A956CD9002C2C8E /* FavoritesItemCell.swift */; };
		5AA5C8BA2A88D12100510684 /* WebViewController.swift in Sources */ = {isa = PBXBuildFile; fileRef = 5AA5C8B92A88D12100510684 /* WebViewController.swift */; };
		5AA5C8BC2A88F58700510684 /* WebViewModel.swift in Sources */ = {isa = PBXBuildFile; fileRef = 5AA5C8BB2A88F58700510684 /* WebViewModel.swift */; };
		5AAB675A2A8043ED00E95CB2 /* FakeNFTAPI.swift in Sources */ = {isa = PBXBuildFile; fileRef = 5AAB67592A8043ED00E95CB2 /* FakeNFTAPI.swift */; };
		5AAB67612A8113CD00E95CB2 /* GetCollectionsUseCase.swift in Sources */ = {isa = PBXBuildFile; fileRef = 5AAB67602A8113CD00E95CB2 /* GetCollectionsUseCase.swift */; };
		5AAB67632A8120C700E95CB2 /* CollectionDTO.swift in Sources */ = {isa = PBXBuildFile; fileRef = 5AAB67622A8120C700E95CB2 /* CollectionDTO.swift */; };
		5AAB67652A81246100E95CB2 /* NftDTO.swift in Sources */ = {isa = PBXBuildFile; fileRef = 5AAB67642A81246100E95CB2 /* NftDTO.swift */; };
		5AAB67672A812A6700E95CB2 /* UserDTO.swift in Sources */ = {isa = PBXBuildFile; fileRef = 5AAB67662A812A6700E95CB2 /* UserDTO.swift */; };
		5AAB67692A812C7C00E95CB2 /* OrderDTO.swift in Sources */ = {isa = PBXBuildFile; fileRef = 5AAB67682A812C7C00E95CB2 /* OrderDTO.swift */; };
		5AAB676B2A812D1A00E95CB2 /* ProfileDTO.swift in Sources */ = {isa = PBXBuildFile; fileRef = 5AAB676A2A812D1A00E95CB2 /* ProfileDTO.swift */; };
		5AAB676D2A812E7200E95CB2 /* LikesDTO.swift in Sources */ = {isa = PBXBuildFile; fileRef = 5AAB676C2A812E7200E95CB2 /* LikesDTO.swift */; };
		5AAB67722A81314E00E95CB2 /* Collection.swift in Sources */ = {isa = PBXBuildFile; fileRef = 5AAB67712A81314E00E95CB2 /* Collection.swift */; };
		5AAB67742A8132AF00E95CB2 /* Nft.swift in Sources */ = {isa = PBXBuildFile; fileRef = 5AAB67732A8132AF00E95CB2 /* Nft.swift */; };
		5AAB67762A81435700E95CB2 /* Author.swift in Sources */ = {isa = PBXBuildFile; fileRef = 5AAB67752A81435700E95CB2 /* Author.swift */; };
		5AAB67782A81462200E95CB2 /* NftIDs.swift in Sources */ = {isa = PBXBuildFile; fileRef = 5AAB67772A81462200E95CB2 /* NftIDs.swift */; };
		5AAB67822A81D45B00E95CB2 /* GetOrderUseCase.swift in Sources */ = {isa = PBXBuildFile; fileRef = 5AAB67812A81D45B00E95CB2 /* GetOrderUseCase.swift */; };
		5AAB67862A81F1F400E95CB2 /* PutOrderUseCase.swift in Sources */ = {isa = PBXBuildFile; fileRef = 5AAB67852A81F1F400E95CB2 /* PutOrderUseCase.swift */; };
		5AB4D8792A7D3C6A00E1757D /* Theme+Images.swift in Sources */ = {isa = PBXBuildFile; fileRef = 5AB4D8782A7D3C6A00E1757D /* Theme+Images.swift */; };
		5ABCAE792A94977C0023C5C2 /* AvatarView.swift in Sources */ = {isa = PBXBuildFile; fileRef = 5ABCAE782A94977C0023C5C2 /* AvatarView.swift */; };
		5ABCAE7E2A952D7E0023C5C2 /* MyNftsItemCell.swift in Sources */ = {isa = PBXBuildFile; fileRef = 5ABCAE7D2A952D7E0023C5C2 /* MyNftsItemCell.swift */; };
		5AC7EBE52AA3D6F20021D0BF /* SplashViewController.swift in Sources */ = {isa = PBXBuildFile; fileRef = 5AC7EBE42AA3D6F20021D0BF /* SplashViewController.swift */; };
		5AE76DA62A91F2CC00BAC6B2 /* ProfileHeaderView.swift in Sources */ = {isa = PBXBuildFile; fileRef = 5AE76DA52A91F2CC00BAC6B2 /* ProfileHeaderView.swift */; };
		5AE76DA92A9312D400BAC6B2 /* EditProfileViewController.swift in Sources */ = {isa = PBXBuildFile; fileRef = 5AE76DA82A9312D400BAC6B2 /* EditProfileViewController.swift */; };
/* End PBXBuildFile section */

/* Begin PBXContainerItemProxy section */
		3F6806AA29CBBAF200B4F915 /* PBXContainerItemProxy */ = {
			isa = PBXContainerItemProxy;
			containerPortal = 3F68068B29CBBAF100B4F915 /* Project object */;
			proxyType = 1;
			remoteGlobalIDString = 3F68069229CBBAF100B4F915;
			remoteInfo = FakeNFT;
		};
		3F6806B429CBBAF200B4F915 /* PBXContainerItemProxy */ = {
			isa = PBXContainerItemProxy;
			containerPortal = 3F68068B29CBBAF100B4F915 /* Project object */;
			proxyType = 1;
			remoteGlobalIDString = 3F68069229CBBAF100B4F915;
			remoteInfo = FakeNFT;
		};
/* End PBXContainerItemProxy section */

/* Begin PBXFileReference section */
		3F68069329CBBAF100B4F915 /* FakeNFT.app */ = {isa = PBXFileReference; explicitFileType = wrapper.application; includeInIndex = 0; path = FakeNFT.app; sourceTree = BUILT_PRODUCTS_DIR; };
		3F68069629CBBAF100B4F915 /* AppDelegate.swift */ = {isa = PBXFileReference; lastKnownFileType = sourcecode.swift; path = AppDelegate.swift; sourceTree = "<group>"; };
		3F68069829CBBAF100B4F915 /* SceneDelegate.swift */ = {isa = PBXFileReference; lastKnownFileType = sourcecode.swift; path = SceneDelegate.swift; sourceTree = "<group>"; };
		3F68069F29CBBAF200B4F915 /* Assets.xcassets */ = {isa = PBXFileReference; lastKnownFileType = folder.assetcatalog; path = Assets.xcassets; sourceTree = "<group>"; };
		3F6806A229CBBAF200B4F915 /* Base */ = {isa = PBXFileReference; lastKnownFileType = file.storyboard; name = Base; path = Base.lproj/LaunchScreen.storyboard; sourceTree = "<group>"; };
		3F6806A429CBBAF200B4F915 /* Info.plist */ = {isa = PBXFileReference; lastKnownFileType = text.plist.xml; path = Info.plist; sourceTree = "<group>"; };
		3F6806A929CBBAF200B4F915 /* FakeNFTTests.xctest */ = {isa = PBXFileReference; explicitFileType = wrapper.cfbundle; includeInIndex = 0; path = FakeNFTTests.xctest; sourceTree = BUILT_PRODUCTS_DIR; };
		3F6806AD29CBBAF200B4F915 /* ExampleUnitTests.swift */ = {isa = PBXFileReference; lastKnownFileType = sourcecode.swift; path = ExampleUnitTests.swift; sourceTree = "<group>"; };
		3F6806B329CBBAF200B4F915 /* FakeNFTUITests.xctest */ = {isa = PBXFileReference; explicitFileType = wrapper.cfbundle; includeInIndex = 0; path = FakeNFTUITests.xctest; sourceTree = BUILT_PRODUCTS_DIR; };
		3F6806B729CBBAF200B4F915 /* FakeNFTUITests.swift */ = {isa = PBXFileReference; lastKnownFileType = sourcecode.swift; path = FakeNFTUITests.swift; sourceTree = "<group>"; };
		5A04693B2A7ABAEC0026D783 /* .gitignore */ = {isa = PBXFileReference; fileEncoding = 4; lastKnownFileType = text; path = .gitignore; sourceTree = "<group>"; };
		5A04693C2A7ABAEC0026D783 /* .swiftlint.yml */ = {isa = PBXFileReference; fileEncoding = 4; lastKnownFileType = text.yaml; path = .swiftlint.yml; sourceTree = "<group>"; };
		5A0469432A7ABC990026D783 /* Theme+Colors.swift */ = {isa = PBXFileReference; fileEncoding = 4; lastKnownFileType = sourcecode.swift; path = "Theme+Colors.swift"; sourceTree = "<group>"; };
		5A0469442A7ABC990026D783 /* Theme+Sizes+Spacing.swift */ = {isa = PBXFileReference; fileEncoding = 4; lastKnownFileType = sourcecode.swift; path = "Theme+Sizes+Spacing.swift"; sourceTree = "<group>"; };
		5A0469452A7ABC990026D783 /* Theme+Fonts.swift */ = {isa = PBXFileReference; fileEncoding = 4; lastKnownFileType = sourcecode.swift; path = "Theme+Fonts.swift"; sourceTree = "<group>"; };
		5A04694C2A7ABCC50026D783 /* APIError.swift */ = {isa = PBXFileReference; fileEncoding = 4; lastKnownFileType = sourcecode.swift; path = APIError.swift; sourceTree = "<group>"; };
		5A04694D2A7ABCC50026D783 /* Model.swift */ = {isa = PBXFileReference; fileEncoding = 4; lastKnownFileType = sourcecode.swift; path = Model.swift; sourceTree = "<group>"; };
		5A04694E2A7ABCC50026D783 /* APIClient.swift */ = {isa = PBXFileReference; fileEncoding = 4; lastKnownFileType = sourcecode.swift; path = APIClient.swift; sourceTree = "<group>"; };
		5A04694F2A7ABCC50026D783 /* DataConvert.swift */ = {isa = PBXFileReference; fileEncoding = 4; lastKnownFileType = sourcecode.swift; path = DataConvert.swift; sourceTree = "<group>"; };
		5A0469502A7ABCC50026D783 /* NetworkTask.swift */ = {isa = PBXFileReference; fileEncoding = 4; lastKnownFileType = sourcecode.swift; path = NetworkTask.swift; sourceTree = "<group>"; };
		5A0469512A7ABCC50026D783 /* Request.swift */ = {isa = PBXFileReference; fileEncoding = 4; lastKnownFileType = sourcecode.swift; path = Request.swift; sourceTree = "<group>"; };
		5A0469522A7ABCC50026D783 /* API.swift */ = {isa = PBXFileReference; fileEncoding = 4; lastKnownFileType = sourcecode.swift; path = API.swift; sourceTree = "<group>"; };
		5A0469582A7ABCC50026D783 /* UserDefaultsBacked.swift */ = {isa = PBXFileReference; fileEncoding = 4; lastKnownFileType = sourcecode.swift; path = UserDefaultsBacked.swift; sourceTree = "<group>"; };
		5A0469592A7ABCC50026D783 /* UIView+Constraints.swift */ = {isa = PBXFileReference; fileEncoding = 4; lastKnownFileType = sourcecode.swift; path = "UIView+Constraints.swift"; sourceTree = "<group>"; };
		5A04695A2A7ABCC50026D783 /* UIView+Preview.swift */ = {isa = PBXFileReference; fileEncoding = 4; lastKnownFileType = sourcecode.swift; path = "UIView+Preview.swift"; sourceTree = "<group>"; };
		5A04695B2A7ABCC50026D783 /* Observable.swift */ = {isa = PBXFileReference; fileEncoding = 4; lastKnownFileType = sourcecode.swift; path = Observable.swift; sourceTree = "<group>"; };
		5A04695C2A7ABCC50026D783 /* UIViewController+Preview.swift */ = {isa = PBXFileReference; fileEncoding = 4; lastKnownFileType = sourcecode.swift; path = "UIViewController+Preview.swift"; sourceTree = "<group>"; };
		5A04695E2A7ABCC50026D783 /* Array+Extensions.swift */ = {isa = PBXFileReference; fileEncoding = 4; lastKnownFileType = sourcecode.swift; path = "Array+Extensions.swift"; sourceTree = "<group>"; };
		5A04695F2A7ABCC50026D783 /* UIView+Animations.swift */ = {isa = PBXFileReference; fileEncoding = 4; lastKnownFileType = sourcecode.swift; path = "UIView+Animations.swift"; sourceTree = "<group>"; };
		5A0469602A7ABCC50026D783 /* UIColor+Hex.swift */ = {isa = PBXFileReference; fileEncoding = 4; lastKnownFileType = sourcecode.swift; path = "UIColor+Hex.swift"; sourceTree = "<group>"; };
		5A0469612A7ABCC50026D783 /* UIViewController+Keyboard.swift */ = {isa = PBXFileReference; fileEncoding = 4; lastKnownFileType = sourcecode.swift; path = "UIViewController+Keyboard.swift"; sourceTree = "<group>"; };
		5A0469622A7ABCC50026D783 /* UIColor+Dynamic.swift */ = {isa = PBXFileReference; fileEncoding = 4; lastKnownFileType = sourcecode.swift; path = "UIColor+Dynamic.swift"; sourceTree = "<group>"; };
		5A0469632A7ABCC50026D783 /* UITableView+Extensions.swift */ = {isa = PBXFileReference; fileEncoding = 4; lastKnownFileType = sourcecode.swift; path = "UITableView+Extensions.swift"; sourceTree = "<group>"; };
		5A0469642A7ABCC50026D783 /* UIButton+Event.swift */ = {isa = PBXFileReference; fileEncoding = 4; lastKnownFileType = sourcecode.swift; path = "UIButton+Event.swift"; sourceTree = "<group>"; };
		5A0469652A7ABCC50026D783 /* UICollectionView+Extensions.swift */ = {isa = PBXFileReference; fileEncoding = 4; lastKnownFileType = sourcecode.swift; path = "UICollectionView+Extensions.swift"; sourceTree = "<group>"; };
		5A0469672A7ABCC50026D783 /* ILoadWithProgressHUD.swift */ = {isa = PBXFileReference; fileEncoding = 4; lastKnownFileType = sourcecode.swift; path = ILoadWithProgressHUD.swift; sourceTree = "<group>"; };
		5A0469682A7ABCC50026D783 /* ILoadWithIndicator.swift */ = {isa = PBXFileReference; fileEncoding = 4; lastKnownFileType = sourcecode.swift; path = ILoadWithIndicator.swift; sourceTree = "<group>"; };
		5A0469692A7ABCC50026D783 /* ICellViewModel.swift */ = {isa = PBXFileReference; fileEncoding = 4; lastKnownFileType = sourcecode.swift; path = ICellViewModel.swift; sourceTree = "<group>"; };
		5A0469862A7ABE180026D783 /* StatisticsViewController.swift */ = {isa = PBXFileReference; fileEncoding = 4; lastKnownFileType = sourcecode.swift; path = StatisticsViewController.swift; sourceTree = "<group>"; };
		5A0469882A7ABE180026D783 /* CatalogViewController.swift */ = {isa = PBXFileReference; fileEncoding = 4; lastKnownFileType = sourcecode.swift; path = CatalogViewController.swift; sourceTree = "<group>"; };
		5A04698A2A7ABE180026D783 /* ProfileViewController.swift */ = {isa = PBXFileReference; fileEncoding = 4; lastKnownFileType = sourcecode.swift; path = ProfileViewController.swift; sourceTree = "<group>"; };
		5A04698C2A7ABE180026D783 /* ShoppingCartViewController.swift */ = {isa = PBXFileReference; fileEncoding = 4; lastKnownFileType = sourcecode.swift; path = ShoppingCartViewController.swift; sourceTree = "<group>"; };
		5A0469962A7ACCAB0026D783 /* AppAppearance.swift */ = {isa = PBXFileReference; fileEncoding = 4; lastKnownFileType = sourcecode.swift; path = AppAppearance.swift; sourceTree = "<group>"; };
		5A0823AB2A82DD850047A8AC /* CollectionItemCell.swift */ = {isa = PBXFileReference; lastKnownFileType = sourcecode.swift; path = CollectionItemCell.swift; sourceTree = "<group>"; };
		5A0823AD2A83C2190047A8AC /* RatingView.swift */ = {isa = PBXFileReference; lastKnownFileType = sourcecode.swift; path = RatingView.swift; sourceTree = "<group>"; };
		5A0D32042A8DB89E00EF98F5 /* en */ = {isa = PBXFileReference; lastKnownFileType = text.plist.strings; name = en; path = en.lproj/Localizable.strings; sourceTree = "<group>"; };
		5A0D32062A8DB8B600EF98F5 /* ru */ = {isa = PBXFileReference; lastKnownFileType = text.plist.strings; name = ru; path = ru.lproj/Localizable.strings; sourceTree = "<group>"; };
		5A0D320B2A8DBE7700EF98F5 /* en */ = {isa = PBXFileReference; lastKnownFileType = text.plist.strings; name = en; path = en.lproj/InfoPlist.strings; sourceTree = "<group>"; };
		5A0D320D2A8DBE7800EF98F5 /* ru */ = {isa = PBXFileReference; lastKnownFileType = text.plist.strings; name = ru; path = ru.lproj/InfoPlist.strings; sourceTree = "<group>"; };
		5A0D320E2A8DD7CD00EF98F5 /* Theme+Localizable.swift */ = {isa = PBXFileReference; lastKnownFileType = sourcecode.swift; path = "Theme+Localizable.swift"; sourceTree = "<group>"; };
		5A0D32102A8DF60F00EF98F5 /* Profile.swift */ = {isa = PBXFileReference; lastKnownFileType = sourcecode.swift; path = Profile.swift; sourceTree = "<group>"; };
		5A0D32152A8E796000EF98F5 /* UseCaseProvider.swift */ = {isa = PBXFileReference; lastKnownFileType = sourcecode.swift; path = UseCaseProvider.swift; sourceTree = "<group>"; };
		5A0D32192A8E7B6A00EF98F5 /* GetProfileUseCase.swift */ = {isa = PBXFileReference; lastKnownFileType = sourcecode.swift; path = GetProfileUseCase.swift; sourceTree = "<group>"; };
		5A0D321C2A8E854800EF98F5 /* PutProfileUseCase.swift */ = {isa = PBXFileReference; lastKnownFileType = sourcecode.swift; path = PutProfileUseCase.swift; sourceTree = "<group>"; };
		5A0D321E2A8E871100EF98F5 /* GetLikesProfileUseCase.swift */ = {isa = PBXFileReference; lastKnownFileType = sourcecode.swift; path = GetLikesProfileUseCase.swift; sourceTree = "<group>"; };
		5A0D32202A8E879000EF98F5 /* PutLikesProfileUseCase.swift */ = {isa = PBXFileReference; lastKnownFileType = sourcecode.swift; path = PutLikesProfileUseCase.swift; sourceTree = "<group>"; };
		5A1B6D732AA4D9F000A1BCB4 /* ModuleFactory.swift */ = {isa = PBXFileReference; lastKnownFileType = sourcecode.swift; path = ModuleFactory.swift; sourceTree = "<group>"; };
		5A1B6D752AA4DD6F00A1BCB4 /* ModuleFactoryImp.swift */ = {isa = PBXFileReference; lastKnownFileType = sourcecode.swift; path = ModuleFactoryImp.swift; sourceTree = "<group>"; };
		5A1B6D772AA5644D00A1BCB4 /* AppDIContainer.swift */ = {isa = PBXFileReference; lastKnownFileType = sourcecode.swift; path = AppDIContainer.swift; sourceTree = "<group>"; };
		5A1B6D792AA582A300A1BCB4 /* CatalogFlowDIContainer.swift */ = {isa = PBXFileReference; lastKnownFileType = sourcecode.swift; path = CatalogFlowDIContainer.swift; sourceTree = "<group>"; };
		5A1B6D7C2AA5867F00A1BCB4 /* ProfileFlowDIContainer.swift */ = {isa = PBXFileReference; lastKnownFileType = sourcecode.swift; path = ProfileFlowDIContainer.swift; sourceTree = "<group>"; };
		5A1B6D7F2AA5B15900A1BCB4 /* Router.swift */ = {isa = PBXFileReference; fileEncoding = 4; lastKnownFileType = sourcecode.swift; path = Router.swift; sourceTree = "<group>"; };
		5A1B6D802AA5B15900A1BCB4 /* Coordinator.swift */ = {isa = PBXFileReference; fileEncoding = 4; lastKnownFileType = sourcecode.swift; path = Coordinator.swift; sourceTree = "<group>"; };
		5A1B6D812AA5B15900A1BCB4 /* RouterImp.swift */ = {isa = PBXFileReference; fileEncoding = 4; lastKnownFileType = sourcecode.swift; path = RouterImp.swift; sourceTree = "<group>"; };
		5A1B6D872AA5CDD400A1BCB4 /* TabbarCoordinator.swift */ = {isa = PBXFileReference; lastKnownFileType = sourcecode.swift; path = TabbarCoordinator.swift; sourceTree = "<group>"; };
		5A1B6D892AA617DE00A1BCB4 /* CoordinatorFactory.swift */ = {isa = PBXFileReference; lastKnownFileType = sourcecode.swift; path = CoordinatorFactory.swift; sourceTree = "<group>"; };
		5A1B6D8B2AA61CDB00A1BCB4 /* AppCoordinator.swift */ = {isa = PBXFileReference; lastKnownFileType = sourcecode.swift; path = AppCoordinator.swift; sourceTree = "<group>"; };
		5A1B6D8D2AA61EF000A1BCB4 /* AppContext.swift */ = {isa = PBXFileReference; lastKnownFileType = sourcecode.swift; path = AppContext.swift; sourceTree = "<group>"; };
		5A1B6D942AA63A7500A1BCB4 /* OnboardingViewModel.swift */ = {isa = PBXFileReference; lastKnownFileType = sourcecode.swift; path = OnboardingViewModel.swift; sourceTree = "<group>"; };
		5A1B6D972AA63AC200A1BCB4 /* OnboardingViewController.swift */ = {isa = PBXFileReference; lastKnownFileType = sourcecode.swift; path = OnboardingViewController.swift; sourceTree = "<group>"; };
		5A1B6D9F2AA6563400A1BCB4 /* AuthViewModel.swift */ = {isa = PBXFileReference; lastKnownFileType = sourcecode.swift; path = AuthViewModel.swift; sourceTree = "<group>"; };
		5A1B6DA12AA6564200A1BCB4 /* AuthViewController.swift */ = {isa = PBXFileReference; lastKnownFileType = sourcecode.swift; path = AuthViewController.swift; sourceTree = "<group>"; };
		5A1B6DB82AA67FF200A1BCB4 /* OnboardingCoordinator.swift */ = {isa = PBXFileReference; lastKnownFileType = sourcecode.swift; path = OnboardingCoordinator.swift; sourceTree = "<group>"; };
		5A1B6DBA2AA6837300A1BCB4 /* AuthCoordinator.swift */ = {isa = PBXFileReference; lastKnownFileType = sourcecode.swift; path = AuthCoordinator.swift; sourceTree = "<group>"; };
		5A1B6DBC2AA6A74000A1BCB4 /* CoordinatorFactoryImp.swift */ = {isa = PBXFileReference; lastKnownFileType = sourcecode.swift; path = CoordinatorFactoryImp.swift; sourceTree = "<group>"; };
		5A1B6DBE2AA6B90500A1BCB4 /* StatisticsCoordinator.swift */ = {isa = PBXFileReference; lastKnownFileType = sourcecode.swift; path = StatisticsCoordinator.swift; sourceTree = "<group>"; };
		5A1B6DC02AA6BAB400A1BCB4 /* ShoppingCartCoordinator.swift */ = {isa = PBXFileReference; lastKnownFileType = sourcecode.swift; path = ShoppingCartCoordinator.swift; sourceTree = "<group>"; };
		5A1B6DC22AA6C08E00A1BCB4 /* TabbarPage.swift */ = {isa = PBXFileReference; lastKnownFileType = sourcecode.swift; path = TabbarPage.swift; sourceTree = "<group>"; };
		5A1B6DC42AA6C0F100A1BCB4 /* TabBarController.swift */ = {isa = PBXFileReference; lastKnownFileType = sourcecode.swift; path = TabBarController.swift; sourceTree = "<group>"; };
		5A1B6DC62AA6D61200A1BCB4 /* ProfileCoordinator.swift */ = {isa = PBXFileReference; lastKnownFileType = sourcecode.swift; path = ProfileCoordinator.swift; sourceTree = "<group>"; };
		5A1B6DC82AA6E1F900A1BCB4 /* CatalogCoordinator.swift */ = {isa = PBXFileReference; lastKnownFileType = sourcecode.swift; path = CatalogCoordinator.swift; sourceTree = "<group>"; };
		5A3ED4B12A89FD6E003E367D /* UIViewController+Bars.swift */ = {isa = PBXFileReference; lastKnownFileType = sourcecode.swift; path = "UIViewController+Bars.swift"; sourceTree = "<group>"; };
		5A3ED4B32A8AE9DB003E367D /* GetSetSortCollectionsOptionUseCase.swift */ = {isa = PBXFileReference; lastKnownFileType = sourcecode.swift; path = GetSetSortCollectionsOptionUseCase.swift; sourceTree = "<group>"; };
		5A51DA012A8570D700235E7D /* CatalogViewModel.swift */ = {isa = PBXFileReference; lastKnownFileType = sourcecode.swift; path = CatalogViewModel.swift; sourceTree = "<group>"; };
		5A51DA052A85C3CA00235E7D /* SortCollectionsBy.swift */ = {isa = PBXFileReference; lastKnownFileType = sourcecode.swift; path = SortCollectionsBy.swift; sourceTree = "<group>"; };
		5A51DA0F2A85DA0E00235E7D /* NftItemCell.swift */ = {isa = PBXFileReference; lastKnownFileType = sourcecode.swift; path = NftItemCell.swift; sourceTree = "<group>"; };
		5A51DA122A86209400235E7D /* CollectionHeaderCell.swift */ = {isa = PBXFileReference; lastKnownFileType = sourcecode.swift; path = CollectionHeaderCell.swift; sourceTree = "<group>"; };
		5A51DA142A86C2F500235E7D /* CollectionViewController.swift */ = {isa = PBXFileReference; lastKnownFileType = sourcecode.swift; path = CollectionViewController.swift; sourceTree = "<group>"; };
		5A51DA162A87215600235E7D /* UIImage+.swift */ = {isa = PBXFileReference; lastKnownFileType = sourcecode.swift; path = "UIImage+.swift"; sourceTree = "<group>"; };
		5A51DA1A2A872C8400235E7D /* CollectionViewModel.swift */ = {isa = PBXFileReference; lastKnownFileType = sourcecode.swift; path = CollectionViewModel.swift; sourceTree = "<group>"; };
		5A5B91F72A9BB91600A4B7E3 /* ProfileRepository.swift */ = {isa = PBXFileReference; lastKnownFileType = sourcecode.swift; path = ProfileRepository.swift; sourceTree = "<group>"; };
		5A5B91F92A9BFBB800A4B7E3 /* CatalogFlowDecomposition_SAS_c4gr4.md */ = {isa = PBXFileReference; lastKnownFileType = net.daringfireball.markdown; path = CatalogFlowDecomposition_SAS_c4gr4.md; sourceTree = "<group>"; };
		5A5B91FA2A9C170500A4B7E3 /* UIResponder+findFirst.swift */ = {isa = PBXFileReference; lastKnownFileType = sourcecode.swift; path = "UIResponder+findFirst.swift"; sourceTree = "<group>"; };
		5A7EA4582A8F38EE004C5402 /* GetNftsProfileUseCase.swift */ = {isa = PBXFileReference; lastKnownFileType = sourcecode.swift; path = GetNftsProfileUseCase.swift; sourceTree = "<group>"; };
		5A7EA45A2A8F7BD8004C5402 /* SortMyNftsBy.swift */ = {isa = PBXFileReference; lastKnownFileType = sourcecode.swift; path = SortMyNftsBy.swift; sourceTree = "<group>"; };
		5A7EA45C2A8F8A7C004C5402 /* GetSetSortMyNtfsOptionUseCase.swift */ = {isa = PBXFileReference; lastKnownFileType = sourcecode.swift; path = GetSetSortMyNtfsOptionUseCase.swift; sourceTree = "<group>"; };
		5A7EA45E2A8FE83B004C5402 /* ProfileViewModel.swift */ = {isa = PBXFileReference; lastKnownFileType = sourcecode.swift; path = ProfileViewModel.swift; sourceTree = "<group>"; };
		5A7EA4602A8FEA99004C5402 /* ProfileItemCell.swift */ = {isa = PBXFileReference; lastKnownFileType = sourcecode.swift; path = ProfileItemCell.swift; sourceTree = "<group>"; };
		5A8775702A96DB1A00413F4B /* FavoritesViewModel.swift */ = {isa = PBXFileReference; lastKnownFileType = sourcecode.swift; path = FavoritesViewModel.swift; sourceTree = "<group>"; };
		5A8775722A96E3C300413F4B /* FavoritesViewController.swift */ = {isa = PBXFileReference; lastKnownFileType = sourcecode.swift; path = FavoritesViewController.swift; sourceTree = "<group>"; };
		5A8775742A97074600413F4B /* ProfileFlowDecomposition_SAS_c4gr4.md */ = {isa = PBXFileReference; fileEncoding = 4; lastKnownFileType = net.daringfireball.markdown; path = ProfileFlowDecomposition_SAS_c4gr4.md; sourceTree = "<group>"; };
		5A97DECF2A95FC31009EEB30 /* NavBarView.swift */ = {isa = PBXFileReference; lastKnownFileType = sourcecode.swift; path = NavBarView.swift; sourceTree = "<group>"; };
		5A97DED22A962044009EEB30 /* MyNftsViewModel.swift */ = {isa = PBXFileReference; lastKnownFileType = sourcecode.swift; path = MyNftsViewModel.swift; sourceTree = "<group>"; };
		5A97DED42A964AC2009EEB30 /* GetAuthorsUseCase.swift */ = {isa = PBXFileReference; lastKnownFileType = sourcecode.swift; path = GetAuthorsUseCase.swift; sourceTree = "<group>"; };
		5A97DED62A9664BD009EEB30 /* Theme+NumberFormatter.swift */ = {isa = PBXFileReference; lastKnownFileType = sourcecode.swift; path = "Theme+NumberFormatter.swift"; sourceTree = "<group>"; };
		5A97DED82A967454009EEB30 /* MyNftsViewController.swift */ = {isa = PBXFileReference; lastKnownFileType = sourcecode.swift; path = MyNftsViewController.swift; sourceTree = "<group>"; };
		5AA339802A956CD9002C2C8E /* FavoritesItemCell.swift */ = {isa = PBXFileReference; lastKnownFileType = sourcecode.swift; path = FavoritesItemCell.swift; sourceTree = "<group>"; };
		5AA5C8B92A88D12100510684 /* WebViewController.swift */ = {isa = PBXFileReference; lastKnownFileType = sourcecode.swift; path = WebViewController.swift; sourceTree = "<group>"; };
		5AA5C8BB2A88F58700510684 /* WebViewModel.swift */ = {isa = PBXFileReference; lastKnownFileType = sourcecode.swift; path = WebViewModel.swift; sourceTree = "<group>"; };
		5AAB67592A8043ED00E95CB2 /* FakeNFTAPI.swift */ = {isa = PBXFileReference; lastKnownFileType = sourcecode.swift; path = FakeNFTAPI.swift; sourceTree = "<group>"; };
		5AAB67602A8113CD00E95CB2 /* GetCollectionsUseCase.swift */ = {isa = PBXFileReference; lastKnownFileType = sourcecode.swift; path = GetCollectionsUseCase.swift; sourceTree = "<group>"; };
		5AAB67622A8120C700E95CB2 /* CollectionDTO.swift */ = {isa = PBXFileReference; lastKnownFileType = sourcecode.swift; path = CollectionDTO.swift; sourceTree = "<group>"; };
		5AAB67642A81246100E95CB2 /* NftDTO.swift */ = {isa = PBXFileReference; lastKnownFileType = sourcecode.swift; path = NftDTO.swift; sourceTree = "<group>"; };
		5AAB67662A812A6700E95CB2 /* UserDTO.swift */ = {isa = PBXFileReference; lastKnownFileType = sourcecode.swift; path = UserDTO.swift; sourceTree = "<group>"; };
		5AAB67682A812C7C00E95CB2 /* OrderDTO.swift */ = {isa = PBXFileReference; lastKnownFileType = sourcecode.swift; path = OrderDTO.swift; sourceTree = "<group>"; };
		5AAB676A2A812D1A00E95CB2 /* ProfileDTO.swift */ = {isa = PBXFileReference; lastKnownFileType = sourcecode.swift; path = ProfileDTO.swift; sourceTree = "<group>"; };
		5AAB676C2A812E7200E95CB2 /* LikesDTO.swift */ = {isa = PBXFileReference; lastKnownFileType = sourcecode.swift; path = LikesDTO.swift; sourceTree = "<group>"; };
		5AAB67712A81314E00E95CB2 /* Collection.swift */ = {isa = PBXFileReference; lastKnownFileType = sourcecode.swift; path = Collection.swift; sourceTree = "<group>"; };
		5AAB67732A8132AF00E95CB2 /* Nft.swift */ = {isa = PBXFileReference; lastKnownFileType = sourcecode.swift; path = Nft.swift; sourceTree = "<group>"; };
		5AAB67752A81435700E95CB2 /* Author.swift */ = {isa = PBXFileReference; lastKnownFileType = sourcecode.swift; path = Author.swift; sourceTree = "<group>"; };
		5AAB67772A81462200E95CB2 /* NftIDs.swift */ = {isa = PBXFileReference; lastKnownFileType = sourcecode.swift; path = NftIDs.swift; sourceTree = "<group>"; };
		5AAB67812A81D45B00E95CB2 /* GetOrderUseCase.swift */ = {isa = PBXFileReference; lastKnownFileType = sourcecode.swift; path = GetOrderUseCase.swift; sourceTree = "<group>"; };
		5AAB67852A81F1F400E95CB2 /* PutOrderUseCase.swift */ = {isa = PBXFileReference; lastKnownFileType = sourcecode.swift; path = PutOrderUseCase.swift; sourceTree = "<group>"; };
		5AB4D8772A7BDD7E00E1757D /* Readme.md */ = {isa = PBXFileReference; lastKnownFileType = net.daringfireball.markdown; path = Readme.md; sourceTree = "<group>"; };
		5AB4D8782A7D3C6A00E1757D /* Theme+Images.swift */ = {isa = PBXFileReference; fileEncoding = 4; lastKnownFileType = sourcecode.swift; path = "Theme+Images.swift"; sourceTree = "<group>"; };
		5ABCAE782A94977C0023C5C2 /* AvatarView.swift */ = {isa = PBXFileReference; lastKnownFileType = sourcecode.swift; path = AvatarView.swift; sourceTree = "<group>"; };
		5ABCAE7D2A952D7E0023C5C2 /* MyNftsItemCell.swift */ = {isa = PBXFileReference; lastKnownFileType = sourcecode.swift; path = MyNftsItemCell.swift; sourceTree = "<group>"; };
		5AC7EBE42AA3D6F20021D0BF /* SplashViewController.swift */ = {isa = PBXFileReference; lastKnownFileType = sourcecode.swift; path = SplashViewController.swift; sourceTree = "<group>"; };
		5AE76DA52A91F2CC00BAC6B2 /* ProfileHeaderView.swift */ = {isa = PBXFileReference; lastKnownFileType = sourcecode.swift; path = ProfileHeaderView.swift; sourceTree = "<group>"; };
		5AE76DA82A9312D400BAC6B2 /* EditProfileViewController.swift */ = {isa = PBXFileReference; lastKnownFileType = sourcecode.swift; path = EditProfileViewController.swift; sourceTree = "<group>"; };
/* End PBXFileReference section */

/* Begin PBXFrameworksBuildPhase section */
		3F68069029CBBAF100B4F915 /* Frameworks */ = {
			isa = PBXFrameworksBuildPhase;
			buildActionMask = 2147483647;
			files = (
				3F603CD029DB4A74000C43D7 /* Kingfisher in Frameworks */,
				3F603CCD29DB4A53000C43D7 /* ProgressHUD in Frameworks */,
			);
			runOnlyForDeploymentPostprocessing = 0;
		};
		3F6806A629CBBAF200B4F915 /* Frameworks */ = {
			isa = PBXFrameworksBuildPhase;
			buildActionMask = 2147483647;
			files = (
			);
			runOnlyForDeploymentPostprocessing = 0;
		};
		3F6806B029CBBAF200B4F915 /* Frameworks */ = {
			isa = PBXFrameworksBuildPhase;
			buildActionMask = 2147483647;
			files = (
			);
			runOnlyForDeploymentPostprocessing = 0;
		};
/* End PBXFrameworksBuildPhase section */

/* Begin PBXGroup section */
		3F68068A29CBBAF100B4F915 = {
			isa = PBXGroup;
			children = (
				5AB4D8772A7BDD7E00E1757D /* Readme.md */,
				5A8775742A97074600413F4B /* ProfileFlowDecomposition_SAS_c4gr4.md */,
				5A5B91F92A9BFBB800A4B7E3 /* CatalogFlowDecomposition_SAS_c4gr4.md */,
				5A04693B2A7ABAEC0026D783 /* .gitignore */,
				5A04693C2A7ABAEC0026D783 /* .swiftlint.yml */,
				3F68069529CBBAF100B4F915 /* FakeNFT */,
				3F6806AC29CBBAF200B4F915 /* FakeNFTTests */,
				3F6806B629CBBAF200B4F915 /* FakeNFTUITests */,
				3F68069429CBBAF100B4F915 /* Products */,
			);
			sourceTree = "<group>";
		};
		3F68069429CBBAF100B4F915 /* Products */ = {
			isa = PBXGroup;
			children = (
				3F68069329CBBAF100B4F915 /* FakeNFT.app */,
				3F6806A929CBBAF200B4F915 /* FakeNFTTests.xctest */,
				3F6806B329CBBAF200B4F915 /* FakeNFTUITests.xctest */,
			);
			name = Products;
			sourceTree = "<group>";
		};
		3F68069529CBBAF100B4F915 /* FakeNFT */ = {
			isa = PBXGroup;
			children = (
				3F68069629CBBAF100B4F915 /* AppDelegate.swift */,
				3F68069829CBBAF100B4F915 /* SceneDelegate.swift */,
				5A1B6D7B2AA582DA00A1BCB4 /* Application */,
				5A0469912A7ABE610026D783 /* Core */,
				5A0469842A7ABE180026D783 /* Flows */,
				5A04694A2A7ABCC50026D783 /* Library */,
				5A0469402A7ABC720026D783 /* Resources */,
			);
			path = FakeNFT;
			sourceTree = "<group>";
		};
		3F6806AC29CBBAF200B4F915 /* FakeNFTTests */ = {
			isa = PBXGroup;
			children = (
				3F6806AD29CBBAF200B4F915 /* ExampleUnitTests.swift */,
			);
			path = FakeNFTTests;
			sourceTree = "<group>";
		};
		3F6806B629CBBAF200B4F915 /* FakeNFTUITests */ = {
			isa = PBXGroup;
			children = (
				3F6806B729CBBAF200B4F915 /* FakeNFTUITests.swift */,
			);
			path = FakeNFTUITests;
			sourceTree = "<group>";
		};
		5A0469402A7ABC720026D783 /* Resources */ = {
			isa = PBXGroup;
			children = (
				5A0D32072A8DB92B00EF98F5 /* Localization */,
				5A0469412A7ABC990026D783 /* Theme */,
				3F68069F29CBBAF200B4F915 /* Assets.xcassets */,
				3F6806A129CBBAF200B4F915 /* LaunchScreen.storyboard */,
				3F6806A429CBBAF200B4F915 /* Info.plist */,
			);
			path = Resources;
			sourceTree = "<group>";
		};
		5A0469412A7ABC990026D783 /* Theme */ = {
			isa = PBXGroup;
			children = (
				5A0469452A7ABC990026D783 /* Theme+Fonts.swift */,
				5A0469432A7ABC990026D783 /* Theme+Colors.swift */,
				5A0469442A7ABC990026D783 /* Theme+Sizes+Spacing.swift */,
				5AB4D8782A7D3C6A00E1757D /* Theme+Images.swift */,
				5A0D320E2A8DD7CD00EF98F5 /* Theme+Localizable.swift */,
				5A97DED62A9664BD009EEB30 /* Theme+NumberFormatter.swift */,
			);
			path = Theme;
			sourceTree = "<group>";
		};
		5A04694A2A7ABCC50026D783 /* Library */ = {
			isa = PBXGroup;
			children = (
				5A0469662A7ABCC50026D783 /* Protocols */,
				5A04695D2A7ABCC50026D783 /* Extensions */,
				5A0469532A7ABCC50026D783 /* Utils */,
				5A1B6D852AA5B3CF00A1BCB4 /* Coordinator */,
				5A1B6D7E2AA5B15900A1BCB4 /* Router */,
				5A04694B2A7ABCC50026D783 /* Networking */,
			);
			path = Library;
			sourceTree = "<group>";
		};
		5A04694B2A7ABCC50026D783 /* Networking */ = {
			isa = PBXGroup;
			children = (
				5A04694C2A7ABCC50026D783 /* APIError.swift */,
				5A04694D2A7ABCC50026D783 /* Model.swift */,
				5A04694E2A7ABCC50026D783 /* APIClient.swift */,
				5A04694F2A7ABCC50026D783 /* DataConvert.swift */,
				5A0469502A7ABCC50026D783 /* NetworkTask.swift */,
				5A0469512A7ABCC50026D783 /* Request.swift */,
				5A0469522A7ABCC50026D783 /* API.swift */,
			);
			path = Networking;
			sourceTree = "<group>";
		};
		5A0469532A7ABCC50026D783 /* Utils */ = {
			isa = PBXGroup;
			children = (
				5A5B91FA2A9C170500A4B7E3 /* UIResponder+findFirst.swift */,
				5A0469592A7ABCC50026D783 /* UIView+Constraints.swift */,
				5A51DA162A87215600235E7D /* UIImage+.swift */,
				5A0469582A7ABCC50026D783 /* UserDefaultsBacked.swift */,
				5A04695B2A7ABCC50026D783 /* Observable.swift */,
				5A04695A2A7ABCC50026D783 /* UIView+Preview.swift */,
				5A04695C2A7ABCC50026D783 /* UIViewController+Preview.swift */,
			);
			path = Utils;
			sourceTree = "<group>";
		};
		5A04695D2A7ABCC50026D783 /* Extensions */ = {
			isa = PBXGroup;
			children = (
				5A04695E2A7ABCC50026D783 /* Array+Extensions.swift */,
				5A0469642A7ABCC50026D783 /* UIButton+Event.swift */,
				5A0469622A7ABCC50026D783 /* UIColor+Dynamic.swift */,
				5A0469602A7ABCC50026D783 /* UIColor+Hex.swift */,
				5A04695F2A7ABCC50026D783 /* UIView+Animations.swift */,
				5A3ED4B12A89FD6E003E367D /* UIViewController+Bars.swift */,
				5A0469612A7ABCC50026D783 /* UIViewController+Keyboard.swift */,
				5A0469632A7ABCC50026D783 /* UITableView+Extensions.swift */,
				5A0469652A7ABCC50026D783 /* UICollectionView+Extensions.swift */,
			);
			path = Extensions;
			sourceTree = "<group>";
		};
		5A0469662A7ABCC50026D783 /* Protocols */ = {
			isa = PBXGroup;
			children = (
				5A0469692A7ABCC50026D783 /* ICellViewModel.swift */,
				5A0469682A7ABCC50026D783 /* ILoadWithIndicator.swift */,
				5A0469672A7ABCC50026D783 /* ILoadWithProgressHUD.swift */,
			);
			path = Protocols;
			sourceTree = "<group>";
		};
		5A0469842A7ABE180026D783 /* Flows */ = {
			isa = PBXGroup;
			children = (
				5A1B6D902AA639DF00A1BCB4 /* OnboardingFlow */,
				5A1B6D8F2AA639D200A1BCB4 /* AuthFlow */,
				5A1B6DCA2AA6E80300A1BCB4 /* MainFlow */,
				5A0469892A7ABE180026D783 /* Profile */,
				5A0469872A7ABE180026D783 /* Catalog */,
				5A04698B2A7ABE180026D783 /* ShoppingCart */,
				5A0469852A7ABE180026D783 /* Statistics */,
			);
			path = Flows;
			sourceTree = "<group>";
		};
		5A0469852A7ABE180026D783 /* Statistics */ = {
			isa = PBXGroup;
			children = (
				5A1B6DBE2AA6B90500A1BCB4 /* StatisticsCoordinator.swift */,
				5A0469862A7ABE180026D783 /* StatisticsViewController.swift */,
			);
			path = Statistics;
			sourceTree = "<group>";
		};
		5A0469872A7ABE180026D783 /* Catalog */ = {
			isa = PBXGroup;
			children = (
				5A1B6DC82AA6E1F900A1BCB4 /* CatalogCoordinator.swift */,
				5A1B6D792AA582A300A1BCB4 /* CatalogFlowDIContainer.swift */,
				5A51DA072A85CA2600235E7D /* Scenes */,
			);
			path = Catalog;
			sourceTree = "<group>";
		};
		5A0469892A7ABE180026D783 /* Profile */ = {
			isa = PBXGroup;
			children = (
				5A1B6DC62AA6D61200A1BCB4 /* ProfileCoordinator.swift */,
				5A1B6D7C2AA5867F00A1BCB4 /* ProfileFlowDIContainer.swift */,
				5A0D32182A8E7A8100EF98F5 /* Scenes */,
			);
			path = Profile;
			sourceTree = "<group>";
		};
		5A04698B2A7ABE180026D783 /* ShoppingCart */ = {
			isa = PBXGroup;
			children = (
				5A1B6DC02AA6BAB400A1BCB4 /* ShoppingCartCoordinator.swift */,
				5A04698C2A7ABE180026D783 /* ShoppingCartViewController.swift */,
			);
			path = ShoppingCart;
			sourceTree = "<group>";
		};
		5A0469912A7ABE610026D783 /* Core */ = {
			isa = PBXGroup;
			children = (
				5A1B6D722AA4D9C600A1BCB4 /* Factories */,
				5A0D31FB2A8DB00900EF98F5 /* Data */,
				5A0D31FC2A8DB05800EF98F5 /* Domain */,
			);
			path = Core;
			sourceTree = "<group>";
		};
		5A0D31FB2A8DB00900EF98F5 /* Data */ = {
			isa = PBXGroup;
			children = (
				5AAB676E2A8130A400E95CB2 /* DTO */,
				5AAB67592A8043ED00E95CB2 /* FakeNFTAPI.swift */,
				5A0D32152A8E796000EF98F5 /* UseCaseProvider.swift */,
				5A5B91F72A9BB91600A4B7E3 /* ProfileRepository.swift */,
			);
			path = Data;
			sourceTree = "<group>";
		};
		5A0D31FC2A8DB05800EF98F5 /* Domain */ = {
			isa = PBXGroup;
			children = (
				5AAB676F2A8130FF00E95CB2 /* Model */,
				5A0D32172A8E7A5C00EF98F5 /* UseCase */,
			);
			path = Domain;
			sourceTree = "<group>";
		};
		5A0D31FD2A8DB0CF00EF98F5 /* Scenes */ = {
			isa = PBXGroup;
			children = (
				5AA5C8B82A88D0FA00510684 /* Web */,
				5AC7EBE42AA3D6F20021D0BF /* SplashViewController.swift */,
			);
			path = Scenes;
			sourceTree = "<group>";
		};
		5A0D32072A8DB92B00EF98F5 /* Localization */ = {
			isa = PBXGroup;
			children = (
				5A0D32052A8DB89E00EF98F5 /* Localizable.strings */,
				5A0D320C2A8DBE7700EF98F5 /* InfoPlist.strings */,
			);
			path = Localization;
			sourceTree = "<group>";
		};
		5A0D32172A8E7A5C00EF98F5 /* UseCase */ = {
			isa = PBXGroup;
			children = (
				5AAB67602A8113CD00E95CB2 /* GetCollectionsUseCase.swift */,
				5A0D32192A8E7B6A00EF98F5 /* GetProfileUseCase.swift */,
				5A0D321C2A8E854800EF98F5 /* PutProfileUseCase.swift */,
				5A0D321E2A8E871100EF98F5 /* GetLikesProfileUseCase.swift */,
				5A0D32202A8E879000EF98F5 /* PutLikesProfileUseCase.swift */,
				5A7EA4582A8F38EE004C5402 /* GetNftsProfileUseCase.swift */,
				5A97DED42A964AC2009EEB30 /* GetAuthorsUseCase.swift */,
				5AAB67812A81D45B00E95CB2 /* GetOrderUseCase.swift */,
				5AAB67852A81F1F400E95CB2 /* PutOrderUseCase.swift */,
				5A7EA45C2A8F8A7C004C5402 /* GetSetSortMyNtfsOptionUseCase.swift */,
				5A3ED4B32A8AE9DB003E367D /* GetSetSortCollectionsOptionUseCase.swift */,
			);
			path = UseCase;
			sourceTree = "<group>";
		};
		5A0D32182A8E7A8100EF98F5 /* Scenes */ = {
			isa = PBXGroup;
			children = (
				5AE76DA42A91F29200BAC6B2 /* ProfileScreen */,
				5ABCAE7A2A952C940023C5C2 /* MyNftsScreen */,
				5AA3397D2A956C17002C2C8E /* FavoritesScreen */,
			);
			path = Scenes;
			sourceTree = "<group>";
		};
		5A1B6D722AA4D9C600A1BCB4 /* Factories */ = {
			isa = PBXGroup;
			children = (
				5A1B6D892AA617DE00A1BCB4 /* CoordinatorFactory.swift */,
				5A1B6DBC2AA6A74000A1BCB4 /* CoordinatorFactoryImp.swift */,
				5A1B6D732AA4D9F000A1BCB4 /* ModuleFactory.swift */,
				5A1B6D752AA4DD6F00A1BCB4 /* ModuleFactoryImp.swift */,
			);
			path = Factories;
			sourceTree = "<group>";
		};
		5A1B6D7B2AA582DA00A1BCB4 /* Application */ = {
			isa = PBXGroup;
			children = (
				5A0469962A7ACCAB0026D783 /* AppAppearance.swift */,
				5A1B6D8D2AA61EF000A1BCB4 /* AppContext.swift */,
				5A1B6D8B2AA61CDB00A1BCB4 /* AppCoordinator.swift */,
				5A1B6D772AA5644D00A1BCB4 /* AppDIContainer.swift */,
				5A51DA0E2A85CC8900235E7D /* Views */,
				5A0D31FD2A8DB0CF00EF98F5 /* Scenes */,
			);
			path = Application;
			sourceTree = "<group>";
		};
		5A1B6D7E2AA5B15900A1BCB4 /* Router */ = {
			isa = PBXGroup;
			children = (
				5A1B6D7F2AA5B15900A1BCB4 /* Router.swift */,
				5A1B6D812AA5B15900A1BCB4 /* RouterImp.swift */,
			);
			path = Router;
			sourceTree = "<group>";
		};
		5A1B6D852AA5B3CF00A1BCB4 /* Coordinator */ = {
			isa = PBXGroup;
			children = (
				5A1B6D802AA5B15900A1BCB4 /* Coordinator.swift */,
			);
			path = Coordinator;
			sourceTree = "<group>";
		};
		5A1B6D8F2AA639D200A1BCB4 /* AuthFlow */ = {
			isa = PBXGroup;
			children = (
				5A1B6DBA2AA6837300A1BCB4 /* AuthCoordinator.swift */,
				5A1B6D9B2AA655E100A1BCB4 /* Scenes */,
			);
			path = AuthFlow;
			sourceTree = "<group>";
		};
		5A1B6D902AA639DF00A1BCB4 /* OnboardingFlow */ = {
			isa = PBXGroup;
			children = (
				5A1B6DB82AA67FF200A1BCB4 /* OnboardingCoordinator.swift */,
				5A1B6D912AA63A3200A1BCB4 /* Scenes */,
			);
			path = OnboardingFlow;
			sourceTree = "<group>";
		};
		5A1B6D912AA63A3200A1BCB4 /* Scenes */ = {
			isa = PBXGroup;
			children = (
				5A1B6D922AA63A4200A1BCB4 /* OnboardingScene */,
			);
			path = Scenes;
			sourceTree = "<group>";
		};
		5A1B6D922AA63A4200A1BCB4 /* OnboardingScene */ = {
			isa = PBXGroup;
			children = (
				5A1B6D932AA63A5A00A1BCB4 /* ViewModel */,
				5A1B6D962AA63A8700A1BCB4 /* View */,
			);
			path = OnboardingScene;
			sourceTree = "<group>";
		};
		5A1B6D932AA63A5A00A1BCB4 /* ViewModel */ = {
			isa = PBXGroup;
			children = (
				5A1B6D942AA63A7500A1BCB4 /* OnboardingViewModel.swift */,
			);
			path = ViewModel;
			sourceTree = "<group>";
		};
		5A1B6D962AA63A8700A1BCB4 /* View */ = {
			isa = PBXGroup;
			children = (
				5A1B6D972AA63AC200A1BCB4 /* OnboardingViewController.swift */,
			);
			path = View;
			sourceTree = "<group>";
		};
		5A1B6D9B2AA655E100A1BCB4 /* Scenes */ = {
			isa = PBXGroup;
			children = (
				5A1B6D9C2AA655FD00A1BCB4 /* AuthrScene */,
			);
			path = Scenes;
			sourceTree = "<group>";
		};
		5A1B6D9C2AA655FD00A1BCB4 /* AuthrScene */ = {
			isa = PBXGroup;
			children = (
				5A1B6D9E2AA6561900A1BCB4 /* ViewModel */,
				5A1B6D9D2AA6560E00A1BCB4 /* View */,
			);
			path = AuthrScene;
			sourceTree = "<group>";
		};
		5A1B6D9D2AA6560E00A1BCB4 /* View */ = {
			isa = PBXGroup;
			children = (
				5A1B6DA12AA6564200A1BCB4 /* AuthViewController.swift */,
			);
			path = View;
			sourceTree = "<group>";
		};
		5A1B6D9E2AA6561900A1BCB4 /* ViewModel */ = {
			isa = PBXGroup;
			children = (
				5A1B6D9F2AA6563400A1BCB4 /* AuthViewModel.swift */,
			);
			path = ViewModel;
			sourceTree = "<group>";
		};
		5A1B6DCA2AA6E80300A1BCB4 /* MainFlow */ = {
			isa = PBXGroup;
			children = (
				5A1B6D872AA5CDD400A1BCB4 /* TabbarCoordinator.swift */,
				5A1B6DC42AA6C0F100A1BCB4 /* TabBarController.swift */,
				5A1B6DC22AA6C08E00A1BCB4 /* TabbarPage.swift */,
			);
			path = MainFlow;
			sourceTree = "<group>";
		};
		5A51DA072A85CA2600235E7D /* Scenes */ = {
			isa = PBXGroup;
			children = (
				5A51DA082A85CA4D00235E7D /* CatalogScreen */,
				5A51DA0C2A85CC5900235E7D /* CollectionScreen */,
			);
			path = Scenes;
			sourceTree = "<group>";
		};
		5A51DA082A85CA4D00235E7D /* CatalogScreen */ = {
			isa = PBXGroup;
			children = (
				5A51DA092A85CA8D00235E7D /* ViewModel */,
				5A51DA0A2A85CC2600235E7D /* View */,
			);
			path = CatalogScreen;
			sourceTree = "<group>";
		};
		5A51DA092A85CA8D00235E7D /* ViewModel */ = {
			isa = PBXGroup;
			children = (
				5A51DA012A8570D700235E7D /* CatalogViewModel.swift */,
			);
			path = ViewModel;
			sourceTree = "<group>";
		};
		5A51DA0A2A85CC2600235E7D /* View */ = {
			isa = PBXGroup;
			children = (
				5A51DA0B2A85CC3100235E7D /* Cell */,
				5A0469882A7ABE180026D783 /* CatalogViewController.swift */,
			);
			path = View;
			sourceTree = "<group>";
		};
		5A51DA0B2A85CC3100235E7D /* Cell */ = {
			isa = PBXGroup;
			children = (
				5A0823AB2A82DD850047A8AC /* CollectionItemCell.swift */,
			);
			path = Cell;
			sourceTree = "<group>";
		};
		5A51DA0C2A85CC5900235E7D /* CollectionScreen */ = {
			isa = PBXGroup;
			children = (
				5A51DA1E2A8738F900235E7D /* ViewModel */,
				5A51DA0D2A85CC7600235E7D /* View */,
			);
			path = CollectionScreen;
			sourceTree = "<group>";
		};
		5A51DA0D2A85CC7600235E7D /* View */ = {
			isa = PBXGroup;
			children = (
				5A51DA112A861D2C00235E7D /* Cell */,
				5A51DA142A86C2F500235E7D /* CollectionViewController.swift */,
			);
			path = View;
			sourceTree = "<group>";
		};
		5A51DA0E2A85CC8900235E7D /* Views */ = {
			isa = PBXGroup;
			children = (
				5A0823AD2A83C2190047A8AC /* RatingView.swift */,
				5A97DECF2A95FC31009EEB30 /* NavBarView.swift */,
			);
			path = Views;
			sourceTree = "<group>";
		};
		5A51DA112A861D2C00235E7D /* Cell */ = {
			isa = PBXGroup;
			children = (
				5A51DA0F2A85DA0E00235E7D /* NftItemCell.swift */,
				5A51DA122A86209400235E7D /* CollectionHeaderCell.swift */,
			);
			path = Cell;
			sourceTree = "<group>";
		};
		5A51DA1E2A8738F900235E7D /* ViewModel */ = {
			isa = PBXGroup;
			children = (
				5A51DA1A2A872C8400235E7D /* CollectionViewModel.swift */,
			);
			path = ViewModel;
			sourceTree = "<group>";
		};
		5A87756F2A96DAF400413F4B /* ViewModel */ = {
			isa = PBXGroup;
			children = (
				5A8775702A96DB1A00413F4B /* FavoritesViewModel.swift */,
			);
			path = ViewModel;
			sourceTree = "<group>";
		};
		5A97DED12A962026009EEB30 /* ViewModel */ = {
			isa = PBXGroup;
			children = (
				5A97DED22A962044009EEB30 /* MyNftsViewModel.swift */,
			);
			path = ViewModel;
			sourceTree = "<group>";
		};
		5AA3397D2A956C17002C2C8E /* FavoritesScreen */ = {
			isa = PBXGroup;
			children = (
				5A87756F2A96DAF400413F4B /* ViewModel */,
				5AA3397E2A956C9E002C2C8E /* View */,
			);
			path = FavoritesScreen;
			sourceTree = "<group>";
		};
		5AA3397E2A956C9E002C2C8E /* View */ = {
			isa = PBXGroup;
			children = (
				5AA3397F2A956CA7002C2C8E /* Cell */,
				5A8775722A96E3C300413F4B /* FavoritesViewController.swift */,
			);
			path = View;
			sourceTree = "<group>";
		};
		5AA3397F2A956CA7002C2C8E /* Cell */ = {
			isa = PBXGroup;
			children = (
				5AA339802A956CD9002C2C8E /* FavoritesItemCell.swift */,
			);
			path = Cell;
			sourceTree = "<group>";
		};
		5AA5C8B82A88D0FA00510684 /* Web */ = {
			isa = PBXGroup;
			children = (
				5AA5C8BE2A88FBB500510684 /* ViewModel */,
				5AA5C8BD2A88FBA300510684 /* View */,
			);
			path = Web;
			sourceTree = "<group>";
		};
		5AA5C8BD2A88FBA300510684 /* View */ = {
			isa = PBXGroup;
			children = (
				5AA5C8B92A88D12100510684 /* WebViewController.swift */,
			);
			path = View;
			sourceTree = "<group>";
		};
		5AA5C8BE2A88FBB500510684 /* ViewModel */ = {
			isa = PBXGroup;
			children = (
				5AA5C8BB2A88F58700510684 /* WebViewModel.swift */,
			);
			path = ViewModel;
			sourceTree = "<group>";
		};
		5AAB676E2A8130A400E95CB2 /* DTO */ = {
			isa = PBXGroup;
			children = (
				5AAB67622A8120C700E95CB2 /* CollectionDTO.swift */,
				5AAB67642A81246100E95CB2 /* NftDTO.swift */,
				5AAB67662A812A6700E95CB2 /* UserDTO.swift */,
				5AAB67682A812C7C00E95CB2 /* OrderDTO.swift */,
				5AAB676A2A812D1A00E95CB2 /* ProfileDTO.swift */,
				5AAB676C2A812E7200E95CB2 /* LikesDTO.swift */,
			);
			path = DTO;
			sourceTree = "<group>";
		};
		5AAB676F2A8130FF00E95CB2 /* Model */ = {
			isa = PBXGroup;
			children = (
				5AAB67712A81314E00E95CB2 /* Collection.swift */,
				5AAB67732A8132AF00E95CB2 /* Nft.swift */,
				5AAB67752A81435700E95CB2 /* Author.swift */,
				5AAB67772A81462200E95CB2 /* NftIDs.swift */,
				5A51DA052A85C3CA00235E7D /* SortCollectionsBy.swift */,
				5A7EA45A2A8F7BD8004C5402 /* SortMyNftsBy.swift */,
				5A0D32102A8DF60F00EF98F5 /* Profile.swift */,
			);
			path = Model;
			sourceTree = "<group>";
		};
		5ABCAE7A2A952C940023C5C2 /* MyNftsScreen */ = {
			isa = PBXGroup;
			children = (
				5A97DED12A962026009EEB30 /* ViewModel */,
				5ABCAE7B2A952CB90023C5C2 /* View */,
			);
			path = MyNftsScreen;
			sourceTree = "<group>";
		};
		5ABCAE7B2A952CB90023C5C2 /* View */ = {
			isa = PBXGroup;
			children = (
				5ABCAE7C2A952CC40023C5C2 /* Cell */,
				5A97DED82A967454009EEB30 /* MyNftsViewController.swift */,
			);
			path = View;
			sourceTree = "<group>";
		};
		5ABCAE7C2A952CC40023C5C2 /* Cell */ = {
			isa = PBXGroup;
			children = (
				5ABCAE7D2A952D7E0023C5C2 /* MyNftsItemCell.swift */,
			);
			path = Cell;
			sourceTree = "<group>";
		};
		5AE76DA12A91F21E00BAC6B2 /* ViewModel */ = {
			isa = PBXGroup;
			children = (
				5A7EA45E2A8FE83B004C5402 /* ProfileViewModel.swift */,
			);
			path = ViewModel;
			sourceTree = "<group>";
		};
		5AE76DA22A91F24500BAC6B2 /* View */ = {
			isa = PBXGroup;
			children = (
				5AE76DA72A92098A00BAC6B2 /* Views */,
				5AE76DA32A91F24E00BAC6B2 /* Cell */,
				5A04698A2A7ABE180026D783 /* ProfileViewController.swift */,
				5AE76DA82A9312D400BAC6B2 /* EditProfileViewController.swift */,
			);
			path = View;
			sourceTree = "<group>";
		};
		5AE76DA32A91F24E00BAC6B2 /* Cell */ = {
			isa = PBXGroup;
			children = (
				5A7EA4602A8FEA99004C5402 /* ProfileItemCell.swift */,
			);
			path = Cell;
			sourceTree = "<group>";
		};
		5AE76DA42A91F29200BAC6B2 /* ProfileScreen */ = {
			isa = PBXGroup;
			children = (
				5AE76DA12A91F21E00BAC6B2 /* ViewModel */,
				5AE76DA22A91F24500BAC6B2 /* View */,
			);
			path = ProfileScreen;
			sourceTree = "<group>";
		};
		5AE76DA72A92098A00BAC6B2 /* Views */ = {
			isa = PBXGroup;
			children = (
				5AE76DA52A91F2CC00BAC6B2 /* ProfileHeaderView.swift */,
				5ABCAE782A94977C0023C5C2 /* AvatarView.swift */,
			);
			path = Views;
			sourceTree = "<group>";
		};
/* End PBXGroup section */

/* Begin PBXNativeTarget section */
		3F68069229CBBAF100B4F915 /* FakeNFT */ = {
			isa = PBXNativeTarget;
			buildConfigurationList = 3F6806BD29CBBAF200B4F915 /* Build configuration list for PBXNativeTarget "FakeNFT" */;
			buildPhases = (
				3FC8C39529D24CDB0081F015 /* Swiftlint */,
				3F68068F29CBBAF100B4F915 /* Sources */,
				3F68069029CBBAF100B4F915 /* Frameworks */,
				3F68069129CBBAF100B4F915 /* Resources */,
			);
			buildRules = (
			);
			dependencies = (
			);
			name = FakeNFT;
			packageProductDependencies = (
				3F603CCC29DB4A53000C43D7 /* ProgressHUD */,
				3F603CCF29DB4A74000C43D7 /* Kingfisher */,
			);
			productName = FakeNFT;
			productReference = 3F68069329CBBAF100B4F915 /* FakeNFT.app */;
			productType = "com.apple.product-type.application";
		};
		3F6806A829CBBAF200B4F915 /* FakeNFTTests */ = {
			isa = PBXNativeTarget;
			buildConfigurationList = 3F6806C029CBBAF200B4F915 /* Build configuration list for PBXNativeTarget "FakeNFTTests" */;
			buildPhases = (
				3F6806A529CBBAF200B4F915 /* Sources */,
				3F6806A629CBBAF200B4F915 /* Frameworks */,
				3F6806A729CBBAF200B4F915 /* Resources */,
			);
			buildRules = (
			);
			dependencies = (
				3F6806AB29CBBAF200B4F915 /* PBXTargetDependency */,
			);
			name = FakeNFTTests;
			productName = FakeNFTTests;
			productReference = 3F6806A929CBBAF200B4F915 /* FakeNFTTests.xctest */;
			productType = "com.apple.product-type.bundle.unit-test";
		};
		3F6806B229CBBAF200B4F915 /* FakeNFTUITests */ = {
			isa = PBXNativeTarget;
			buildConfigurationList = 3F6806C329CBBAF200B4F915 /* Build configuration list for PBXNativeTarget "FakeNFTUITests" */;
			buildPhases = (
				3F6806AF29CBBAF200B4F915 /* Sources */,
				3F6806B029CBBAF200B4F915 /* Frameworks */,
				3F6806B129CBBAF200B4F915 /* Resources */,
			);
			buildRules = (
			);
			dependencies = (
				3F6806B529CBBAF200B4F915 /* PBXTargetDependency */,
			);
			name = FakeNFTUITests;
			productName = FakeNFTUITests;
			productReference = 3F6806B329CBBAF200B4F915 /* FakeNFTUITests.xctest */;
			productType = "com.apple.product-type.bundle.ui-testing";
		};
/* End PBXNativeTarget section */

/* Begin PBXProject section */
		3F68068B29CBBAF100B4F915 /* Project object */ = {
			isa = PBXProject;
			attributes = {
				BuildIndependentTargetsInParallel = 1;
				LastSwiftUpdateCheck = 1420;
				LastUpgradeCheck = 1420;
				TargetAttributes = {
					3F68069229CBBAF100B4F915 = {
						CreatedOnToolsVersion = 14.2;
					};
					3F6806A829CBBAF200B4F915 = {
						CreatedOnToolsVersion = 14.2;
						TestTargetID = 3F68069229CBBAF100B4F915;
					};
					3F6806B229CBBAF200B4F915 = {
						CreatedOnToolsVersion = 14.2;
						TestTargetID = 3F68069229CBBAF100B4F915;
					};
				};
			};
			buildConfigurationList = 3F68068E29CBBAF100B4F915 /* Build configuration list for PBXProject "FakeNFT" */;
			compatibilityVersion = "Xcode 13.0";
			developmentRegion = en;
			hasScannedForEncodings = 0;
			knownRegions = (
				en,
				Base,
				ru,
			);
			mainGroup = 3F68068A29CBBAF100B4F915;
			packageReferences = (
				3F603CCB29DB4A53000C43D7 /* XCRemoteSwiftPackageReference "ProgressHUD" */,
				3F603CCE29DB4A74000C43D7 /* XCRemoteSwiftPackageReference "Kingfisher" */,
			);
			productRefGroup = 3F68069429CBBAF100B4F915 /* Products */;
			projectDirPath = "";
			projectRoot = "";
			targets = (
				3F68069229CBBAF100B4F915 /* FakeNFT */,
				3F6806A829CBBAF200B4F915 /* FakeNFTTests */,
				3F6806B229CBBAF200B4F915 /* FakeNFTUITests */,
			);
		};
/* End PBXProject section */

/* Begin PBXResourcesBuildPhase section */
		3F68069129CBBAF100B4F915 /* Resources */ = {
			isa = PBXResourcesBuildPhase;
			buildActionMask = 2147483647;
			files = (
				3F6806A329CBBAF200B4F915 /* LaunchScreen.storyboard in Resources */,
				5A0D32032A8DB89E00EF98F5 /* Localizable.strings in Resources */,
				3F6806A029CBBAF200B4F915 /* Assets.xcassets in Resources */,
				5A0D320A2A8DBE7700EF98F5 /* InfoPlist.strings in Resources */,
			);
			runOnlyForDeploymentPostprocessing = 0;
		};
		3F6806A729CBBAF200B4F915 /* Resources */ = {
			isa = PBXResourcesBuildPhase;
			buildActionMask = 2147483647;
			files = (
			);
			runOnlyForDeploymentPostprocessing = 0;
		};
		3F6806B129CBBAF200B4F915 /* Resources */ = {
			isa = PBXResourcesBuildPhase;
			buildActionMask = 2147483647;
			files = (
			);
			runOnlyForDeploymentPostprocessing = 0;
		};
/* End PBXResourcesBuildPhase section */

/* Begin PBXShellScriptBuildPhase section */
		3FC8C39529D24CDB0081F015 /* Swiftlint */ = {
			isa = PBXShellScriptBuildPhase;
			alwaysOutOfDate = 1;
			buildActionMask = 12;
			files = (
			);
			inputFileListPaths = (
			);
			inputPaths = (
			);
			name = Swiftlint;
			outputFileListPaths = (
			);
			outputPaths = (
			);
			runOnlyForDeploymentPostprocessing = 0;
			shellPath = /bin/sh;
			shellScript = "export PATH=\"$PATH:/opt/homebrew/bin\"\nif which swiftlint > /dev/null; then\n  swiftlint\nelse\n  echo \"warning: SwiftLint not installed, download from https://github.com/realm/SwiftLint\"\n  exit 1\nfi\n";
		};
/* End PBXShellScriptBuildPhase section */

/* Begin PBXSourcesBuildPhase section */
		3F68068F29CBBAF100B4F915 /* Sources */ = {
			isa = PBXSourcesBuildPhase;
			buildActionMask = 2147483647;
			files = (
				5A484C742A9CE959007AC212 /* SortMyNftsBy.swift in Sources */,
				5A04698E2A7ABE180026D783 /* CatalogViewController.swift in Sources */,
				5A1B6DC12AA6BAB400A1BCB4 /* ShoppingCartCoordinator.swift in Sources */,
				5A0469802A7ABCC50026D783 /* UICollectionView+Extensions.swift in Sources */,
				5A51DA152A86C2F500235E7D /* CollectionViewController.swift in Sources */,
				5A3ED4B42A8AE9DB003E367D /* GetSetSortCollectionsOptionUseCase.swift in Sources */,
				5AAB67692A812C7C00E95CB2 /* OrderDTO.swift in Sources */,
				5A1B6D842AA5B15900A1BCB4 /* RouterImp.swift in Sources */,
				5A1B6D8A2AA617DE00A1BCB4 /* CoordinatorFactory.swift in Sources */,
				5AAB67822A81D45B00E95CB2 /* GetOrderUseCase.swift in Sources */,
				5A1B6D982AA63AC200A1BCB4 /* OnboardingViewController.swift in Sources */,
				5A0469822A7ABCC50026D783 /* ILoadWithIndicator.swift in Sources */,
				5AAB67632A8120C700E95CB2 /* CollectionDTO.swift in Sources */,
				5A04698D2A7ABE180026D783 /* StatisticsViewController.swift in Sources */,
				5AE76DA62A91F2CC00BAC6B2 /* ProfileHeaderView.swift in Sources */,
				5A0469772A7ABCC50026D783 /* Observable.swift in Sources */,
				5A0823AC2A82DD850047A8AC /* CollectionItemCell.swift in Sources */,
				5A1B6DBF2AA6B90500A1BCB4 /* StatisticsCoordinator.swift in Sources */,
				5A51DA132A86209400235E7D /* CollectionHeaderCell.swift in Sources */,
				5A04697F2A7ABCC50026D783 /* UIButton+Event.swift in Sources */,
				5A1B6D832AA5B15900A1BCB4 /* Coordinator.swift in Sources */,
				5A04697B2A7ABCC50026D783 /* UIColor+Hex.swift in Sources */,
				5A3ED4B22A89FD6E003E367D /* UIViewController+Bars.swift in Sources */,
				5A04696B2A7ABCC50026D783 /* Model.swift in Sources */,
				5A04696E2A7ABCC50026D783 /* NetworkTask.swift in Sources */,
				5A0469482A7ABC990026D783 /* Theme+Sizes+Spacing.swift in Sources */,
				5A1B6DBB2AA6837300A1BCB4 /* AuthCoordinator.swift in Sources */,
				5A7EA4592A8F38EE004C5402 /* GetNftsProfileUseCase.swift in Sources */,
				5A1B6D7D2AA5867F00A1BCB4 /* ProfileFlowDIContainer.swift in Sources */,
				5A5B91FB2A9C170500A4B7E3 /* UIResponder+findFirst.swift in Sources */,
				5A1B6D952AA63A7500A1BCB4 /* OnboardingViewModel.swift in Sources */,
				5A7EA4612A8FEA99004C5402 /* ProfileItemCell.swift in Sources */,
				5A0469742A7ABCC50026D783 /* UserDefaultsBacked.swift in Sources */,
				5A0469492A7ABC990026D783 /* Theme+Fonts.swift in Sources */,
				5A1B6DC52AA6C0F100A1BCB4 /* TabBarController.swift in Sources */,
				5AAB67722A81314E00E95CB2 /* Collection.swift in Sources */,
				5A1B6DA22AA6564200A1BCB4 /* AuthViewController.swift in Sources */,
				5A1B6DC32AA6C08E00A1BCB4 /* TabbarPage.swift in Sources */,
				5A51DA102A85DA0E00235E7D /* NftItemCell.swift in Sources */,
				5A04698F2A7ABE180026D783 /* ProfileViewController.swift in Sources */,
				5AAB67782A81462200E95CB2 /* NftIDs.swift in Sources */,
				5A97DED32A962044009EEB30 /* MyNftsViewModel.swift in Sources */,
				5AA5C8BC2A88F58700510684 /* WebViewModel.swift in Sources */,
				5A1B6DC92AA6E1F900A1BCB4 /* CatalogCoordinator.swift in Sources */,
				5A0469782A7ABCC50026D783 /* UIViewController+Preview.swift in Sources */,
				5A04697C2A7ABCC50026D783 /* UIViewController+Keyboard.swift in Sources */,
				5A51DA022A8570D700235E7D /* CatalogViewModel.swift in Sources */,
				5AB4D8792A7D3C6A00E1757D /* Theme+Images.swift in Sources */,
				5A97DED92A967454009EEB30 /* MyNftsViewController.swift in Sources */,
				5AAB67862A81F1F400E95CB2 /* PutOrderUseCase.swift in Sources */,
				5A0469752A7ABCC50026D783 /* UIView+Constraints.swift in Sources */,
				5A1B6D782AA5644D00A1BCB4 /* AppDIContainer.swift in Sources */,
				5A97DED72A9664BD009EEB30 /* Theme+NumberFormatter.swift in Sources */,
				5A0469832A7ABCC50026D783 /* ICellViewModel.swift in Sources */,
				5A1B6D8C2AA61CDB00A1BCB4 /* AppCoordinator.swift in Sources */,
				5AAB676B2A812D1A00E95CB2 /* ProfileDTO.swift in Sources */,
				5A1B6D882AA5CDD400A1BCB4 /* TabbarCoordinator.swift in Sources */,
				5A1B6D8E2AA61EF000A1BCB4 /* AppContext.swift in Sources */,
				5A0469972A7ACCAB0026D783 /* AppAppearance.swift in Sources */,
				5AAB67762A81435700E95CB2 /* Author.swift in Sources */,
				5A1B6D7A2AA582A300A1BCB4 /* CatalogFlowDIContainer.swift in Sources */,
				5A1B6D762AA4DD6F00A1BCB4 /* ModuleFactoryImp.swift in Sources */,
				5AE76DA92A9312D400BAC6B2 /* EditProfileViewController.swift in Sources */,
				5A7EA45F2A8FE83B004C5402 /* ProfileViewModel.swift in Sources */,
				5AAB67742A8132AF00E95CB2 /* Nft.swift in Sources */,
				5AAB675A2A8043ED00E95CB2 /* FakeNFTAPI.swift in Sources */,
				5AAB67652A81246100E95CB2 /* NftDTO.swift in Sources */,
				5A04696F2A7ABCC50026D783 /* Request.swift in Sources */,
				5A1B6DC72AA6D61200A1BCB4 /* ProfileCoordinator.swift in Sources */,
				5A0D321D2A8E854800EF98F5 /* PutProfileUseCase.swift in Sources */,
				5AAB67672A812A6700E95CB2 /* UserDTO.swift in Sources */,
				5A0823AE2A83C2190047A8AC /* RatingView.swift in Sources */,
				5A0D32212A8E879000EF98F5 /* PutLikesProfileUseCase.swift in Sources */,
				5A51DA062A85C3CA00235E7D /* SortCollectionsBy.swift in Sources */,
				5A1B6DBD2AA6A74000A1BCB4 /* CoordinatorFactoryImp.swift in Sources */,
				5A0D32112A8DF60F00EF98F5 /* Profile.swift in Sources */,
				5A5B91F82A9BB91600A4B7E3 /* ProfileRepository.swift in Sources */,
				5A0469792A7ABCC50026D783 /* Array+Extensions.swift in Sources */,
				5ABCAE792A94977C0023C5C2 /* AvatarView.swift in Sources */,
				5A04696C2A7ABCC50026D783 /* APIClient.swift in Sources */,
				5A04696D2A7ABCC50026D783 /* DataConvert.swift in Sources */,
				5A0469762A7ABCC50026D783 /* UIView+Preview.swift in Sources */,
				5A8775712A96DB1A00413F4B /* FavoritesViewModel.swift in Sources */,
				5AAB676D2A812E7200E95CB2 /* LikesDTO.swift in Sources */,
				5A0469472A7ABC990026D783 /* Theme+Colors.swift in Sources */,
				5AA5C8BA2A88D12100510684 /* WebViewController.swift in Sources */,
				5A0D32162A8E796000EF98F5 /* UseCaseProvider.swift in Sources */,
				5A04697D2A7ABCC50026D783 /* UIColor+Dynamic.swift in Sources */,
				5A51DA1B2A872C8400235E7D /* CollectionViewModel.swift in Sources */,
				5A1B6D742AA4D9F000A1BCB4 /* ModuleFactory.swift in Sources */,
				5A0469902A7ABE180026D783 /* ShoppingCartViewController.swift in Sources */,
				5A0D321F2A8E871100EF98F5 /* GetLikesProfileUseCase.swift in Sources */,
				5A97DED02A95FC31009EEB30 /* NavBarView.swift in Sources */,
				5A51DA172A87215600235E7D /* UIImage+.swift in Sources */,
				3F68069729CBBAF100B4F915 /* AppDelegate.swift in Sources */,
				5A1B6DB92AA67FF200A1BCB4 /* OnboardingCoordinator.swift in Sources */,
				5AC7EBE52AA3D6F20021D0BF /* SplashViewController.swift in Sources */,
				5ABCAE7E2A952D7E0023C5C2 /* MyNftsItemCell.swift in Sources */,
				5A7EA45D2A8F8A7C004C5402 /* GetSetSortMyNtfsOptionUseCase.swift in Sources */,
				5A04697E2A7ABCC50026D783 /* UITableView+Extensions.swift in Sources */,
				3F68069929CBBAF100B4F915 /* SceneDelegate.swift in Sources */,
				5AA339812A956CD9002C2C8E /* FavoritesItemCell.swift in Sources */,
				5A0D321A2A8E7B6A00EF98F5 /* GetProfileUseCase.swift in Sources */,
				5A8775732A96E3C300413F4B /* FavoritesViewController.swift in Sources */,
				5A0469702A7ABCC50026D783 /* API.swift in Sources */,
				5A04696A2A7ABCC50026D783 /* APIError.swift in Sources */,
				5AAB67612A8113CD00E95CB2 /* GetCollectionsUseCase.swift in Sources */,
				5A0469812A7ABCC50026D783 /* ILoadWithProgressHUD.swift in Sources */,
				5A0D320F2A8DD7CD00EF98F5 /* Theme+Localizable.swift in Sources */,
				5A97DED52A964AC2009EEB30 /* GetAuthorsUseCase.swift in Sources */,
				5A1B6D822AA5B15900A1BCB4 /* Router.swift in Sources */,
				5A04697A2A7ABCC50026D783 /* UIView+Animations.swift in Sources */,
				5A1B6DA02AA6563400A1BCB4 /* AuthViewModel.swift in Sources */,
			);
			runOnlyForDeploymentPostprocessing = 0;
		};
		3F6806A529CBBAF200B4F915 /* Sources */ = {
			isa = PBXSourcesBuildPhase;
			buildActionMask = 2147483647;
			files = (
				3F6806AE29CBBAF200B4F915 /* ExampleUnitTests.swift in Sources */,
			);
			runOnlyForDeploymentPostprocessing = 0;
		};
		3F6806AF29CBBAF200B4F915 /* Sources */ = {
			isa = PBXSourcesBuildPhase;
			buildActionMask = 2147483647;
			files = (
				3F6806B829CBBAF200B4F915 /* FakeNFTUITests.swift in Sources */,
			);
			runOnlyForDeploymentPostprocessing = 0;
		};
/* End PBXSourcesBuildPhase section */

/* Begin PBXTargetDependency section */
		3F6806AB29CBBAF200B4F915 /* PBXTargetDependency */ = {
			isa = PBXTargetDependency;
			target = 3F68069229CBBAF100B4F915 /* FakeNFT */;
			targetProxy = 3F6806AA29CBBAF200B4F915 /* PBXContainerItemProxy */;
		};
		3F6806B529CBBAF200B4F915 /* PBXTargetDependency */ = {
			isa = PBXTargetDependency;
			target = 3F68069229CBBAF100B4F915 /* FakeNFT */;
			targetProxy = 3F6806B429CBBAF200B4F915 /* PBXContainerItemProxy */;
		};
/* End PBXTargetDependency section */

/* Begin PBXVariantGroup section */
		3F6806A129CBBAF200B4F915 /* LaunchScreen.storyboard */ = {
			isa = PBXVariantGroup;
			children = (
				3F6806A229CBBAF200B4F915 /* Base */,
			);
			name = LaunchScreen.storyboard;
			sourceTree = "<group>";
		};
		5A0D32052A8DB89E00EF98F5 /* Localizable.strings */ = {
			isa = PBXVariantGroup;
			children = (
				5A0D32042A8DB89E00EF98F5 /* en */,
				5A0D32062A8DB8B600EF98F5 /* ru */,
			);
			name = Localizable.strings;
			sourceTree = "<group>";
		};
		5A0D320C2A8DBE7700EF98F5 /* InfoPlist.strings */ = {
			isa = PBXVariantGroup;
			children = (
				5A0D320B2A8DBE7700EF98F5 /* en */,
				5A0D320D2A8DBE7800EF98F5 /* ru */,
			);
			name = InfoPlist.strings;
			sourceTree = "<group>";
		};
/* End PBXVariantGroup section */

/* Begin XCBuildConfiguration section */
		3F6806BB29CBBAF200B4F915 /* Debug */ = {
			isa = XCBuildConfiguration;
			buildSettings = {
				ALWAYS_SEARCH_USER_PATHS = NO;
				CLANG_ANALYZER_LOCALIZABILITY_NONLOCALIZED = YES;
				CLANG_ANALYZER_NONNULL = YES;
				CLANG_ANALYZER_NUMBER_OBJECT_CONVERSION = YES_AGGRESSIVE;
				CLANG_CXX_LANGUAGE_STANDARD = "gnu++20";
				CLANG_ENABLE_MODULES = YES;
				CLANG_ENABLE_OBJC_ARC = YES;
				CLANG_ENABLE_OBJC_WEAK = YES;
				CLANG_WARN_BLOCK_CAPTURE_AUTORELEASING = YES;
				CLANG_WARN_BOOL_CONVERSION = YES;
				CLANG_WARN_COMMA = YES;
				CLANG_WARN_CONSTANT_CONVERSION = YES;
				CLANG_WARN_DEPRECATED_OBJC_IMPLEMENTATIONS = YES;
				CLANG_WARN_DIRECT_OBJC_ISA_USAGE = YES_ERROR;
				CLANG_WARN_DOCUMENTATION_COMMENTS = YES;
				CLANG_WARN_EMPTY_BODY = YES;
				CLANG_WARN_ENUM_CONVERSION = YES;
				CLANG_WARN_INFINITE_RECURSION = YES;
				CLANG_WARN_INT_CONVERSION = YES;
				CLANG_WARN_NON_LITERAL_NULL_CONVERSION = YES;
				CLANG_WARN_OBJC_IMPLICIT_RETAIN_SELF = YES;
				CLANG_WARN_OBJC_LITERAL_CONVERSION = YES;
				CLANG_WARN_OBJC_ROOT_CLASS = YES_ERROR;
				CLANG_WARN_QUOTED_INCLUDE_IN_FRAMEWORK_HEADER = YES;
				CLANG_WARN_RANGE_LOOP_ANALYSIS = YES;
				CLANG_WARN_STRICT_PROTOTYPES = YES;
				CLANG_WARN_SUSPICIOUS_MOVE = YES;
				CLANG_WARN_UNGUARDED_AVAILABILITY = YES_AGGRESSIVE;
				CLANG_WARN_UNREACHABLE_CODE = YES;
				CLANG_WARN__DUPLICATE_METHOD_MATCH = YES;
				COPY_PHASE_STRIP = NO;
				DEBUG_INFORMATION_FORMAT = dwarf;
				ENABLE_STRICT_OBJC_MSGSEND = YES;
				ENABLE_TESTABILITY = YES;
				GCC_C_LANGUAGE_STANDARD = gnu11;
				GCC_DYNAMIC_NO_PIC = NO;
				GCC_NO_COMMON_BLOCKS = YES;
				GCC_OPTIMIZATION_LEVEL = 0;
				GCC_PREPROCESSOR_DEFINITIONS = (
					"DEBUG=1",
					"$(inherited)",
				);
				GCC_WARN_64_TO_32_BIT_CONVERSION = YES;
				GCC_WARN_ABOUT_RETURN_TYPE = YES_ERROR;
				GCC_WARN_UNDECLARED_SELECTOR = YES;
				GCC_WARN_UNINITIALIZED_AUTOS = YES_AGGRESSIVE;
				GCC_WARN_UNUSED_FUNCTION = YES;
				GCC_WARN_UNUSED_VARIABLE = YES;
				IPHONEOS_DEPLOYMENT_TARGET = 13.0;
				MTL_ENABLE_DEBUG_INFO = INCLUDE_SOURCE;
				MTL_FAST_MATH = YES;
				ONLY_ACTIVE_ARCH = YES;
				SDKROOT = iphoneos;
				SWIFT_ACTIVE_COMPILATION_CONDITIONS = DEBUG;
				SWIFT_OPTIMIZATION_LEVEL = "-Onone";
			};
			name = Debug;
		};
		3F6806BC29CBBAF200B4F915 /* Release */ = {
			isa = XCBuildConfiguration;
			buildSettings = {
				ALWAYS_SEARCH_USER_PATHS = NO;
				CLANG_ANALYZER_LOCALIZABILITY_NONLOCALIZED = YES;
				CLANG_ANALYZER_NONNULL = YES;
				CLANG_ANALYZER_NUMBER_OBJECT_CONVERSION = YES_AGGRESSIVE;
				CLANG_CXX_LANGUAGE_STANDARD = "gnu++20";
				CLANG_ENABLE_MODULES = YES;
				CLANG_ENABLE_OBJC_ARC = YES;
				CLANG_ENABLE_OBJC_WEAK = YES;
				CLANG_WARN_BLOCK_CAPTURE_AUTORELEASING = YES;
				CLANG_WARN_BOOL_CONVERSION = YES;
				CLANG_WARN_COMMA = YES;
				CLANG_WARN_CONSTANT_CONVERSION = YES;
				CLANG_WARN_DEPRECATED_OBJC_IMPLEMENTATIONS = YES;
				CLANG_WARN_DIRECT_OBJC_ISA_USAGE = YES_ERROR;
				CLANG_WARN_DOCUMENTATION_COMMENTS = YES;
				CLANG_WARN_EMPTY_BODY = YES;
				CLANG_WARN_ENUM_CONVERSION = YES;
				CLANG_WARN_INFINITE_RECURSION = YES;
				CLANG_WARN_INT_CONVERSION = YES;
				CLANG_WARN_NON_LITERAL_NULL_CONVERSION = YES;
				CLANG_WARN_OBJC_IMPLICIT_RETAIN_SELF = YES;
				CLANG_WARN_OBJC_LITERAL_CONVERSION = YES;
				CLANG_WARN_OBJC_ROOT_CLASS = YES_ERROR;
				CLANG_WARN_QUOTED_INCLUDE_IN_FRAMEWORK_HEADER = YES;
				CLANG_WARN_RANGE_LOOP_ANALYSIS = YES;
				CLANG_WARN_STRICT_PROTOTYPES = YES;
				CLANG_WARN_SUSPICIOUS_MOVE = YES;
				CLANG_WARN_UNGUARDED_AVAILABILITY = YES_AGGRESSIVE;
				CLANG_WARN_UNREACHABLE_CODE = YES;
				CLANG_WARN__DUPLICATE_METHOD_MATCH = YES;
				COPY_PHASE_STRIP = NO;
				DEBUG_INFORMATION_FORMAT = "dwarf-with-dsym";
				ENABLE_NS_ASSERTIONS = NO;
				ENABLE_STRICT_OBJC_MSGSEND = YES;
				GCC_C_LANGUAGE_STANDARD = gnu11;
				GCC_NO_COMMON_BLOCKS = YES;
				GCC_WARN_64_TO_32_BIT_CONVERSION = YES;
				GCC_WARN_ABOUT_RETURN_TYPE = YES_ERROR;
				GCC_WARN_UNDECLARED_SELECTOR = YES;
				GCC_WARN_UNINITIALIZED_AUTOS = YES_AGGRESSIVE;
				GCC_WARN_UNUSED_FUNCTION = YES;
				GCC_WARN_UNUSED_VARIABLE = YES;
				IPHONEOS_DEPLOYMENT_TARGET = 13.0;
				MTL_ENABLE_DEBUG_INFO = NO;
				MTL_FAST_MATH = YES;
				SDKROOT = iphoneos;
				SWIFT_COMPILATION_MODE = wholemodule;
				SWIFT_OPTIMIZATION_LEVEL = "-O";
				VALIDATE_PRODUCT = YES;
			};
			name = Release;
		};
		3F6806BE29CBBAF200B4F915 /* Debug */ = {
			isa = XCBuildConfiguration;
			buildSettings = {
				ASSETCATALOG_COMPILER_APPICON_NAME = AppIcon;
				ASSETCATALOG_COMPILER_GLOBAL_ACCENT_COLOR_NAME = AccentColor;
				CODE_SIGN_STYLE = Automatic;
				CURRENT_PROJECT_VERSION = 1;
				DEVELOPMENT_TEAM = 54TCRG7M8F;
				GENERATE_INFOPLIST_FILE = YES;
				INFOPLIST_FILE = FakeNFT/Resources/Info.plist;
				INFOPLIST_KEY_UIApplicationSupportsIndirectInputEvents = YES;
				INFOPLIST_KEY_UILaunchStoryboardName = LaunchScreen;
				INFOPLIST_KEY_UISupportedInterfaceOrientations = UIInterfaceOrientationPortrait;
				INFOPLIST_KEY_UISupportedInterfaceOrientations_iPad = "UIInterfaceOrientationPortrait UIInterfaceOrientationPortraitUpsideDown UIInterfaceOrientationLandscapeLeft UIInterfaceOrientationLandscapeRight";
				INFOPLIST_KEY_UISupportedInterfaceOrientations_iPhone = UIInterfaceOrientationPortrait;
				IPHONEOS_DEPLOYMENT_TARGET = 13.4;
				LD_RUNPATH_SEARCH_PATHS = (
					"$(inherited)",
					"@executable_path/Frameworks",
				);
				MARKETING_VERSION = 1.0;
				PRODUCT_BUNDLE_IDENTIFIER = sas.practicum.FakeNFT;
				PRODUCT_NAME = "$(TARGET_NAME)";
				SWIFT_EMIT_LOC_STRINGS = YES;
				SWIFT_VERSION = 5.0;
				TARGETED_DEVICE_FAMILY = 1;
			};
			name = Debug;
		};
		3F6806BF29CBBAF200B4F915 /* Release */ = {
			isa = XCBuildConfiguration;
			buildSettings = {
				ASSETCATALOG_COMPILER_APPICON_NAME = AppIcon;
				ASSETCATALOG_COMPILER_GLOBAL_ACCENT_COLOR_NAME = AccentColor;
				CODE_SIGN_STYLE = Automatic;
				CURRENT_PROJECT_VERSION = 1;
				DEVELOPMENT_TEAM = 54TCRG7M8F;
				GENERATE_INFOPLIST_FILE = YES;
				INFOPLIST_FILE = FakeNFT/Resources/Info.plist;
				INFOPLIST_KEY_UIApplicationSupportsIndirectInputEvents = YES;
				INFOPLIST_KEY_UILaunchStoryboardName = LaunchScreen;
				INFOPLIST_KEY_UISupportedInterfaceOrientations = UIInterfaceOrientationPortrait;
				INFOPLIST_KEY_UISupportedInterfaceOrientations_iPad = "UIInterfaceOrientationPortrait UIInterfaceOrientationPortraitUpsideDown UIInterfaceOrientationLandscapeLeft UIInterfaceOrientationLandscapeRight";
				INFOPLIST_KEY_UISupportedInterfaceOrientations_iPhone = UIInterfaceOrientationPortrait;
				IPHONEOS_DEPLOYMENT_TARGET = 13.4;
				LD_RUNPATH_SEARCH_PATHS = (
					"$(inherited)",
					"@executable_path/Frameworks",
				);
				MARKETING_VERSION = 1.0;
				PRODUCT_BUNDLE_IDENTIFIER = sas.practicum.FakeNFT;
				PRODUCT_NAME = "$(TARGET_NAME)";
				SWIFT_EMIT_LOC_STRINGS = YES;
				SWIFT_VERSION = 5.0;
				TARGETED_DEVICE_FAMILY = 1;
			};
			name = Release;
		};
		3F6806C129CBBAF200B4F915 /* Debug */ = {
			isa = XCBuildConfiguration;
			buildSettings = {
				ALWAYS_EMBED_SWIFT_STANDARD_LIBRARIES = YES;
				BUNDLE_LOADER = "$(TEST_HOST)";
				CODE_SIGN_STYLE = Automatic;
				CURRENT_PROJECT_VERSION = 1;
				GENERATE_INFOPLIST_FILE = YES;
				IPHONEOS_DEPLOYMENT_TARGET = 15.2;
				MARKETING_VERSION = 1.0;
				PRODUCT_BUNDLE_IDENTIFIER = com.practicum.FakeNFTTests;
				PRODUCT_NAME = "$(TARGET_NAME)";
				SWIFT_EMIT_LOC_STRINGS = NO;
				SWIFT_VERSION = 5.0;
				TARGETED_DEVICE_FAMILY = "1,2";
				TEST_HOST = "$(BUILT_PRODUCTS_DIR)/FakeNFT.app/$(BUNDLE_EXECUTABLE_FOLDER_PATH)/FakeNFT";
			};
			name = Debug;
		};
		3F6806C229CBBAF200B4F915 /* Release */ = {
			isa = XCBuildConfiguration;
			buildSettings = {
				ALWAYS_EMBED_SWIFT_STANDARD_LIBRARIES = YES;
				BUNDLE_LOADER = "$(TEST_HOST)";
				CODE_SIGN_STYLE = Automatic;
				CURRENT_PROJECT_VERSION = 1;
				GENERATE_INFOPLIST_FILE = YES;
				IPHONEOS_DEPLOYMENT_TARGET = 15.2;
				MARKETING_VERSION = 1.0;
				PRODUCT_BUNDLE_IDENTIFIER = com.practicum.FakeNFTTests;
				PRODUCT_NAME = "$(TARGET_NAME)";
				SWIFT_EMIT_LOC_STRINGS = NO;
				SWIFT_VERSION = 5.0;
				TARGETED_DEVICE_FAMILY = "1,2";
				TEST_HOST = "$(BUILT_PRODUCTS_DIR)/FakeNFT.app/$(BUNDLE_EXECUTABLE_FOLDER_PATH)/FakeNFT";
			};
			name = Release;
		};
		3F6806C429CBBAF200B4F915 /* Debug */ = {
			isa = XCBuildConfiguration;
			buildSettings = {
				ALWAYS_EMBED_SWIFT_STANDARD_LIBRARIES = YES;
				CODE_SIGN_STYLE = Automatic;
				CURRENT_PROJECT_VERSION = 1;
				GENERATE_INFOPLIST_FILE = YES;
				MARKETING_VERSION = 1.0;
				PRODUCT_BUNDLE_IDENTIFIER = com.practicum.FakeNFTUITests;
				PRODUCT_NAME = "$(TARGET_NAME)";
				SWIFT_EMIT_LOC_STRINGS = NO;
				SWIFT_VERSION = 5.0;
				TARGETED_DEVICE_FAMILY = "1,2";
				TEST_TARGET_NAME = FakeNFT;
			};
			name = Debug;
		};
		3F6806C529CBBAF200B4F915 /* Release */ = {
			isa = XCBuildConfiguration;
			buildSettings = {
				ALWAYS_EMBED_SWIFT_STANDARD_LIBRARIES = YES;
				CODE_SIGN_STYLE = Automatic;
				CURRENT_PROJECT_VERSION = 1;
				GENERATE_INFOPLIST_FILE = YES;
				MARKETING_VERSION = 1.0;
				PRODUCT_BUNDLE_IDENTIFIER = com.practicum.FakeNFTUITests;
				PRODUCT_NAME = "$(TARGET_NAME)";
				SWIFT_EMIT_LOC_STRINGS = NO;
				SWIFT_VERSION = 5.0;
				TARGETED_DEVICE_FAMILY = "1,2";
				TEST_TARGET_NAME = FakeNFT;
			};
			name = Release;
		};
/* End XCBuildConfiguration section */

/* Begin XCConfigurationList section */
		3F68068E29CBBAF100B4F915 /* Build configuration list for PBXProject "FakeNFT" */ = {
			isa = XCConfigurationList;
			buildConfigurations = (
				3F6806BB29CBBAF200B4F915 /* Debug */,
				3F6806BC29CBBAF200B4F915 /* Release */,
			);
			defaultConfigurationIsVisible = 0;
			defaultConfigurationName = Release;
		};
		3F6806BD29CBBAF200B4F915 /* Build configuration list for PBXNativeTarget "FakeNFT" */ = {
			isa = XCConfigurationList;
			buildConfigurations = (
				3F6806BE29CBBAF200B4F915 /* Debug */,
				3F6806BF29CBBAF200B4F915 /* Release */,
			);
			defaultConfigurationIsVisible = 0;
			defaultConfigurationName = Release;
		};
		3F6806C029CBBAF200B4F915 /* Build configuration list for PBXNativeTarget "FakeNFTTests" */ = {
			isa = XCConfigurationList;
			buildConfigurations = (
				3F6806C129CBBAF200B4F915 /* Debug */,
				3F6806C229CBBAF200B4F915 /* Release */,
			);
			defaultConfigurationIsVisible = 0;
			defaultConfigurationName = Release;
		};
		3F6806C329CBBAF200B4F915 /* Build configuration list for PBXNativeTarget "FakeNFTUITests" */ = {
			isa = XCConfigurationList;
			buildConfigurations = (
				3F6806C429CBBAF200B4F915 /* Debug */,
				3F6806C529CBBAF200B4F915 /* Release */,
			);
			defaultConfigurationIsVisible = 0;
			defaultConfigurationName = Release;
		};
/* End XCConfigurationList section */

/* Begin XCRemoteSwiftPackageReference section */
		3F603CCB29DB4A53000C43D7 /* XCRemoteSwiftPackageReference "ProgressHUD" */ = {
			isa = XCRemoteSwiftPackageReference;
			repositoryURL = "https://github.com/relatedcode/ProgressHUD";
			requirement = {
				kind = exactVersion;
				version = 13.6.2;
			};
		};
		3F603CCE29DB4A74000C43D7 /* XCRemoteSwiftPackageReference "Kingfisher" */ = {
			isa = XCRemoteSwiftPackageReference;
			repositoryURL = "https://github.com/onevcat/Kingfisher.git";
			requirement = {
				kind = exactVersion;
				version = 7.6.1;
			};
		};
/* End XCRemoteSwiftPackageReference section */

/* Begin XCSwiftPackageProductDependency section */
		3F603CCC29DB4A53000C43D7 /* ProgressHUD */ = {
			isa = XCSwiftPackageProductDependency;
			package = 3F603CCB29DB4A53000C43D7 /* XCRemoteSwiftPackageReference "ProgressHUD" */;
			productName = ProgressHUD;
		};
		3F603CCF29DB4A74000C43D7 /* Kingfisher */ = {
			isa = XCSwiftPackageProductDependency;
			package = 3F603CCE29DB4A74000C43D7 /* XCRemoteSwiftPackageReference "Kingfisher" */;
			productName = Kingfisher;
		};
/* End XCSwiftPackageProductDependency section */
	};
	rootObject = 3F68068B29CBBAF100B4F915 /* Project object */;
}
